// !$*UTF8*$!
{
	archiveVersion = 1;
	classes = {
	};
	objectVersion = 56;
	objects = {

/* Begin PBXBuildFile section */
		576B64B9299807B0002609FA /* AINetManager.swift in Sources */ = {isa = PBXBuildFile; fileRef = 576B64B8299807B0002609FA /* AINetManager.swift */; };
		576B64BB29980E09002609FA /* AIResult.swift in Sources */ = {isa = PBXBuildFile; fileRef = 576B64BA29980E09002609FA /* AIResult.swift */; };
		576C0DE4298ACAB300485AD5 /* AppDelegate.swift in Sources */ = {isa = PBXBuildFile; fileRef = 576C0DE3298ACAB300485AD5 /* AppDelegate.swift */; };
		576C0DE6298ACAB300485AD5 /* SceneDelegate.swift in Sources */ = {isa = PBXBuildFile; fileRef = 576C0DE5298ACAB300485AD5 /* SceneDelegate.swift */; };
		576C0DFB298ACE9C00485AD5 /* Bundle+Ext.swift in Sources */ = {isa = PBXBuildFile; fileRef = 576C0DFA298ACE9C00485AD5 /* Bundle+Ext.swift */; };
		576C0E02298AD07000485AD5 /* LoginViewController.swift in Sources */ = {isa = PBXBuildFile; fileRef = 576C0E01298AD07000485AD5 /* LoginViewController.swift */; };
		57B5A9FB29B8A21300BB07A8 /* ProfileHeaderTableViewCell.swift in Sources */ = {isa = PBXBuildFile; fileRef = 57B5A9F929B8A21300BB07A8 /* ProfileHeaderTableViewCell.swift */; };
		57B5A9FF29B8A25B00BB07A8 /* ProfileBodyTableViewCell.swift in Sources */ = {isa = PBXBuildFile; fileRef = 57B5A9FD29B8A25B00BB07A8 /* ProfileBodyTableViewCell.swift */; };
		57C3DD9F299CBFEE009466FA /* Constants.swift in Sources */ = {isa = PBXBuildFile; fileRef = 57C3DD9E299CBFEE009466FA /* Constants.swift */; };
		57C3DDA1299CFC57009466FA /* GeoDataSource.swift in Sources */ = {isa = PBXBuildFile; fileRef = 57C3DDA0299CFC57009466FA /* GeoDataSource.swift */; };
		57D88FD3298AD2AF00C33F29 /* TabBarController.swift in Sources */ = {isa = PBXBuildFile; fileRef = 57D88FD2298AD2AF00C33F29 /* TabBarController.swift */; };
		57D88FD6298AD2ED00C33F29 /* ExampleNavigationController.swift in Sources */ = {isa = PBXBuildFile; fileRef = 57D88FD5298AD2ED00C33F29 /* ExampleNavigationController.swift */; };
		57D88FD8298AD30F00C33F29 /* ExampleIrregularityBasicContentView.swift in Sources */ = {isa = PBXBuildFile; fileRef = 57D88FD7298AD30F00C33F29 /* ExampleIrregularityBasicContentView.swift */; };
		57D88FDA298AD32800C33F29 /* ExampleBouncesContentView.swift in Sources */ = {isa = PBXBuildFile; fileRef = 57D88FD9298AD32800C33F29 /* ExampleBouncesContentView.swift */; };
		57D88FDC298AD33F00C33F29 /* ExampleBasicContentView.swift in Sources */ = {isa = PBXBuildFile; fileRef = 57D88FDB298AD33F00C33F29 /* ExampleBasicContentView.swift */; };
		57D88FE0298AD42200C33F29 /* ReviewViewController.swift in Sources */ = {isa = PBXBuildFile; fileRef = 57D88FDF298AD42200C33F29 /* ReviewViewController.swift */; };
		57D88FE2298AD42C00C33F29 /* PloggingViewController.swift in Sources */ = {isa = PBXBuildFile; fileRef = 57D88FE1298AD42C00C33F29 /* PloggingViewController.swift */; };
		57D88FE4298AD43500C33F29 /* RankingViewController.swift in Sources */ = {isa = PBXBuildFile; fileRef = 57D88FE3298AD43500C33F29 /* RankingViewController.swift */; };
		57D88FE6298AD44000C33F29 /* ProfileViewController.swift in Sources */ = {isa = PBXBuildFile; fileRef = 57D88FE5298AD44000C33F29 /* ProfileViewController.swift */; };
		57E4FD9929927CC100C8E082 /* TrashAlbumViewController.swift in Sources */ = {isa = PBXBuildFile; fileRef = 57E4FD9829927CC100C8E082 /* TrashAlbumViewController.swift */; };
		57E4FD9D299288C900C8E082 /* TrashCategoryTableViewCell.swift in Sources */ = {isa = PBXBuildFile; fileRef = 57E4FD9B299288C900C8E082 /* TrashCategoryTableViewCell.swift */; };
		57E4FDA129928AEE00C8E082 /* TrashPhotoTableViewCell.swift in Sources */ = {isa = PBXBuildFile; fileRef = 57E4FD9F29928AEE00C8E082 /* TrashPhotoTableViewCell.swift */; };
		57E4FDA5299298A000C8E082 /* TrashPhotoCollectionViewCell.swift in Sources */ = {isa = PBXBuildFile; fileRef = 57E4FDA3299298A000C8E082 /* TrashPhotoCollectionViewCell.swift */; };
		57E4FDB22993086300C8E082 /* ActivateGroupsViewController.swift in Sources */ = {isa = PBXBuildFile; fileRef = 57E4FDB12993086300C8E082 /* ActivateGroupsViewController.swift */; };
		57F2F06529B8BCB8008605F5 /* ReviewTableViewCell.swift in Sources */ = {isa = PBXBuildFile; fileRef = 57F2F06329B8BCB8008605F5 /* ReviewTableViewCell.swift */; };
		57F2F06929B9051C008605F5 /* ProfileBodyCollectionViewCell.swift in Sources */ = {isa = PBXBuildFile; fileRef = 57F2F06729B9051C008605F5 /* ProfileBodyCollectionViewCell.swift */; };
		57F2F06D29BCDA6E008605F5 /* PloggingDetailViewController.swift in Sources */ = {isa = PBXBuildFile; fileRef = 57F2F06C29BCDA6E008605F5 /* PloggingDetailViewController.swift */; };
		57F2F06F29BDC181008605F5 /* UserNetManager.swift in Sources */ = {isa = PBXBuildFile; fileRef = 57F2F06E29BDC181008605F5 /* UserNetManager.swift */; };
		57F2F07129BDC28A008605F5 /* User.swift in Sources */ = {isa = PBXBuildFile; fileRef = 57F2F07029BDC28A008605F5 /* User.swift */; };
		57F2F07329BE4649008605F5 /* PloggingNetManager.swift in Sources */ = {isa = PBXBuildFile; fileRef = 57F2F07229BE4649008605F5 /* PloggingNetManager.swift */; };
		57F2F07529BE4688008605F5 /* Activity.swift in Sources */ = {isa = PBXBuildFile; fileRef = 57F2F07429BE4688008605F5 /* Activity.swift */; };
		57F2F07729BF4E0C008605F5 /* UserDefaults+Ext.swift in Sources */ = {isa = PBXBuildFile; fileRef = 57F2F07629BF4E0C008605F5 /* UserDefaults+Ext.swift */; };
		57F2F07A29C1A133008605F5 /* Group.swift in Sources */ = {isa = PBXBuildFile; fileRef = 57F2F07929C1A133008605F5 /* Group.swift */; };
		57F2F07C29C1A534008605F5 /* GroupManager.swift in Sources */ = {isa = PBXBuildFile; fileRef = 57F2F07B29C1A534008605F5 /* GroupManager.swift */; };
		57F2F07E29C1A5A7008605F5 /* GroupNetManager.swift in Sources */ = {isa = PBXBuildFile; fileRef = 57F2F07D29C1A5A7008605F5 /* GroupNetManager.swift */; };
		57F2F08229C1F85E008605F5 /* TabManViewController.swift in Sources */ = {isa = PBXBuildFile; fileRef = 57F2F08129C1F85E008605F5 /* TabManViewController.swift */; };
		57F2F08529C1FBC1008605F5 /* TimeRankViewController.swift in Sources */ = {isa = PBXBuildFile; fileRef = 57F2F08429C1FBC1008605F5 /* TimeRankViewController.swift */; };
		57F2F08729C1FBCD008605F5 /* KmRankViewController.swift in Sources */ = {isa = PBXBuildFile; fileRef = 57F2F08629C1FBCD008605F5 /* KmRankViewController.swift */; };
		57F2F08A29C2185D008605F5 /* ActivateGroupHeaderView.swift in Sources */ = {isa = PBXBuildFile; fileRef = 57F2F08929C2185D008605F5 /* ActivateGroupHeaderView.swift */; };
		57F2F09029C218ED008605F5 /* ActivateGroupHeaderView.xib in Resources */ = {isa = PBXBuildFile; fileRef = 57F2F08F29C218ED008605F5 /* ActivateGroupHeaderView.xib */; };
		7AA3F62EF603725162AB6B74 /* Pods_Netwalk_iOS.framework in Frameworks */ = {isa = PBXBuildFile; fileRef = 5ABBF463B755262834113F11 /* Pods_Netwalk_iOS.framework */; };
		9512A03229C85783003CC81F /* MyGroupViewController.swift in Sources */ = {isa = PBXBuildFile; fileRef = 9512A03129C85783003CC81F /* MyGroupViewController.swift */; };
		95161D31299B981E002B86BA /* DetailGroupViewController.swift in Sources */ = {isa = PBXBuildFile; fileRef = 95161D30299B981E002B86BA /* DetailGroupViewController.swift */; };
		95161D34299BA71E002B86BA /* DetailGroupTableViewCell.swift in Sources */ = {isa = PBXBuildFile; fileRef = 95161D32299BA71E002B86BA /* DetailGroupTableViewCell.swift */; };
		95231F7129BE3F2E00B77123 /* GoogleService-Info.plist in Resources */ = {isa = PBXBuildFile; fileRef = 576C0DFC298ACF7100485AD5 /* GoogleService-Info.plist */; };
		95231F7229BE3F4A00B77123 /* Main.storyboard in Resources */ = {isa = PBXBuildFile; fileRef = 576C0DE9298ACAB300485AD5 /* Main.storyboard */; };
		95231F7329BE3F9300B77123 /* ReviewTableViewCell.xib in Resources */ = {isa = PBXBuildFile; fileRef = 57F2F06429B8BCB8008605F5 /* ReviewTableViewCell.xib */; };
		95231F7429BE3F9300B77123 /* ProfileHeaderTableViewCell.xib in Resources */ = {isa = PBXBuildFile; fileRef = 57B5A9FA29B8A21300BB07A8 /* ProfileHeaderTableViewCell.xib */; };
		95231F7529BE3F9300B77123 /* ProfileBodyTableViewCell.xib in Resources */ = {isa = PBXBuildFile; fileRef = 57B5A9FE29B8A25B00BB07A8 /* ProfileBodyTableViewCell.xib */; };
		95231F7629BE3F9300B77123 /* ProfileBodyCollectionViewCell.xib in Resources */ = {isa = PBXBuildFile; fileRef = 57F2F06829B9051C008605F5 /* ProfileBodyCollectionViewCell.xib */; };
		95231F7729BE3F9300B77123 /* MyGroupTableViewCell.xib in Resources */ = {isa = PBXBuildFile; fileRef = 95EFDD24299A50E00005BAE7 /* MyGroupTableViewCell.xib */; };
		95231F7829BE3F9300B77123 /* GroupTableViewCell.xib in Resources */ = {isa = PBXBuildFile; fileRef = 95D3697229BE377000106F5B /* GroupTableViewCell.xib */; };
		95231F7929BE3F9300B77123 /* GroupCollectionViewCell.xib in Resources */ = {isa = PBXBuildFile; fileRef = 95D3696529BE368C00106F5B /* GroupCollectionViewCell.xib */; };
		95231F7A29BE3F9300B77123 /* TypeTableViewCell.xib in Resources */ = {isa = PBXBuildFile; fileRef = 95D3696E29BE376000106F5B /* TypeTableViewCell.xib */; };
		95231F7B29BE3F9300B77123 /* TypeCollectionViewCell.xib in Resources */ = {isa = PBXBuildFile; fileRef = 95D3695B29BE362700106F5B /* TypeCollectionViewCell.xib */; };
		95231F7C29BE3F9300B77123 /* DetailGroupTableViewCell.xib in Resources */ = {isa = PBXBuildFile; fileRef = 95161D33299BA71E002B86BA /* DetailGroupTableViewCell.xib */; };
		95231F8029BE3F9300B77123 /* TrashCategoryTableViewCell.xib in Resources */ = {isa = PBXBuildFile; fileRef = 57E4FD9C299288C900C8E082 /* TrashCategoryTableViewCell.xib */; };
		95231F8129BE3F9300B77123 /* TrashPhotoTableViewCell.xib in Resources */ = {isa = PBXBuildFile; fileRef = 57E4FDA029928AEE00C8E082 /* TrashPhotoTableViewCell.xib */; };
		95231F8229BE3F9300B77123 /* TrashPhotoCollectionViewCell.xib in Resources */ = {isa = PBXBuildFile; fileRef = 57E4FDA4299298A000C8E082 /* TrashPhotoCollectionViewCell.xib */; };
		95231F8329BE3F9300B77123 /* Assets.xcassets in Resources */ = {isa = PBXBuildFile; fileRef = 576C0DEC298ACAB400485AD5 /* Assets.xcassets */; };
		95231F8429BE3F9300B77123 /* SecretKey.plist in Resources */ = {isa = PBXBuildFile; fileRef = 952CB78C2997BA8700173BA3 /* SecretKey.plist */; };
		95231F8529BE3F9900B77123 /* LaunchScreen.storyboard in Resources */ = {isa = PBXBuildFile; fileRef = 576C0DEE298ACAB400485AD5 /* LaunchScreen.storyboard */; };
		95231F8729BE41F200B77123 /* ActiveUser.swift in Sources */ = {isa = PBXBuildFile; fileRef = 95231F8629BE41F200B77123 /* ActiveUser.swift */; };
		957DE61B29C1FFD100123538 /* TrashRankViewController.swift in Sources */ = {isa = PBXBuildFile; fileRef = 957DE61A29C1FFD100123538 /* TrashRankViewController.swift */; };
		9580E22729C22C3200387E34 /* TrashRankTableViewCell.swift in Sources */ = {isa = PBXBuildFile; fileRef = 9580E22529C22C3200387E34 /* TrashRankTableViewCell.swift */; };
		9580E22829C22C3200387E34 /* TrashRankTableViewCell.xib in Resources */ = {isa = PBXBuildFile; fileRef = 9580E22629C22C3200387E34 /* TrashRankTableViewCell.xib */; };
		9580E22B29C22C4D00387E34 /* KmRankTableViewCell.swift in Sources */ = {isa = PBXBuildFile; fileRef = 9580E22929C22C4D00387E34 /* KmRankTableViewCell.swift */; };
		9580E22C29C22C4D00387E34 /* KmRankTableViewCell.xib in Resources */ = {isa = PBXBuildFile; fileRef = 9580E22A29C22C4D00387E34 /* KmRankTableViewCell.xib */; };
		95A503FC299A13100022B3DE /* NewGroupViewController.swift in Sources */ = {isa = PBXBuildFile; fileRef = 95A503FB299A13100022B3DE /* NewGroupViewController.swift */; };
		95AEDBA029BF6F2500EBFE55 /* DetailGroupCollectionViewCell.swift in Sources */ = {isa = PBXBuildFile; fileRef = 95AEDB9E29BF6F2500EBFE55 /* DetailGroupCollectionViewCell.swift */; };
		95AEDBA129BF6F2500EBFE55 /* DetailGroupCollectionViewCell.xib in Resources */ = {isa = PBXBuildFile; fileRef = 95AEDB9F29BF6F2500EBFE55 /* DetailGroupCollectionViewCell.xib */; };
		95B6598929C224E600271BA8 /* TimeRankTableViewCell.swift in Sources */ = {isa = PBXBuildFile; fileRef = 95B6598729C224E600271BA8 /* TimeRankTableViewCell.swift */; };
		95B6598A29C224E600271BA8 /* TimeRankTableViewCell.xib in Resources */ = {isa = PBXBuildFile; fileRef = 95B6598829C224E600271BA8 /* TimeRankTableViewCell.xib */; };
		95D3695C29BE362700106F5B /* TypeCollectionViewCell.swift in Sources */ = {isa = PBXBuildFile; fileRef = 95D3695A29BE362700106F5B /* TypeCollectionViewCell.swift */; };
		95D3696629BE368C00106F5B /* GroupCollectionViewCell.swift in Sources */ = {isa = PBXBuildFile; fileRef = 95D3696429BE368C00106F5B /* GroupCollectionViewCell.swift */; };
		95D3696F29BE376000106F5B /* TypeTableViewCell.swift in Sources */ = {isa = PBXBuildFile; fileRef = 95D3696D29BE376000106F5B /* TypeTableViewCell.swift */; };
		95D3697329BE377000106F5B /* GroupTableViewCell.swift in Sources */ = {isa = PBXBuildFile; fileRef = 95D3697129BE377000106F5B /* GroupTableViewCell.swift */; };
		95EFDD27299A50E00005BAE7 /* MyGroupTableViewCell.swift in Sources */ = {isa = PBXBuildFile; fileRef = 95EFDD25299A50E00005BAE7 /* MyGroupTableViewCell.swift */; };
		95EFDD37299A61E20005BAE7 /* Category.swift in Sources */ = {isa = PBXBuildFile; fileRef = 95EFDD36299A61E20005BAE7 /* Category.swift */; };
		95F8984F29C45F6800B6014F /* CreateViewController.swift in Sources */ = {isa = PBXBuildFile; fileRef = 95F8984E29C45F6800B6014F /* CreateViewController.swift */; };
/* End PBXBuildFile section */

/* Begin PBXFileReference section */
		277EA68E255120B0DBC71666 /* Pods-Netwalk-iOS.release.xcconfig */ = {isa = PBXFileReference; includeInIndex = 1; lastKnownFileType = text.xcconfig; name = "Pods-Netwalk-iOS.release.xcconfig"; path = "Target Support Files/Pods-Netwalk-iOS/Pods-Netwalk-iOS.release.xcconfig"; sourceTree = "<group>"; };
		4F671F28F8A304E80430BB26 /* Pods-Netwalk-iOS.debug.xcconfig */ = {isa = PBXFileReference; includeInIndex = 1; lastKnownFileType = text.xcconfig; name = "Pods-Netwalk-iOS.debug.xcconfig"; path = "Target Support Files/Pods-Netwalk-iOS/Pods-Netwalk-iOS.debug.xcconfig"; sourceTree = "<group>"; };
		576B64B8299807B0002609FA /* AINetManager.swift */ = {isa = PBXFileReference; lastKnownFileType = sourcecode.swift; path = AINetManager.swift; sourceTree = "<group>"; };
		576B64BA29980E09002609FA /* AIResult.swift */ = {isa = PBXFileReference; lastKnownFileType = sourcecode.swift; path = AIResult.swift; sourceTree = "<group>"; };
		576C0DE0298ACAB300485AD5 /* Netwalk-iOS.app */ = {isa = PBXFileReference; explicitFileType = wrapper.application; includeInIndex = 0; path = "Netwalk-iOS.app"; sourceTree = BUILT_PRODUCTS_DIR; };
		576C0DE3298ACAB300485AD5 /* AppDelegate.swift */ = {isa = PBXFileReference; lastKnownFileType = sourcecode.swift; path = AppDelegate.swift; sourceTree = "<group>"; };
		576C0DE5298ACAB300485AD5 /* SceneDelegate.swift */ = {isa = PBXFileReference; lastKnownFileType = sourcecode.swift; path = SceneDelegate.swift; sourceTree = "<group>"; };
		576C0DEA298ACAB300485AD5 /* Base */ = {isa = PBXFileReference; lastKnownFileType = file.storyboard; name = Base; path = Base.lproj/Main.storyboard; sourceTree = "<group>"; };
		576C0DEC298ACAB400485AD5 /* Assets.xcassets */ = {isa = PBXFileReference; lastKnownFileType = folder.assetcatalog; path = Assets.xcassets; sourceTree = "<group>"; };
		576C0DEF298ACAB400485AD5 /* Base */ = {isa = PBXFileReference; lastKnownFileType = file.storyboard; name = Base; path = Base.lproj/LaunchScreen.storyboard; sourceTree = "<group>"; };
		576C0DF1298ACAB400485AD5 /* Info.plist */ = {isa = PBXFileReference; lastKnownFileType = text.plist.xml; path = Info.plist; sourceTree = "<group>"; };
		576C0DFA298ACE9C00485AD5 /* Bundle+Ext.swift */ = {isa = PBXFileReference; lastKnownFileType = sourcecode.swift; path = "Bundle+Ext.swift"; sourceTree = "<group>"; };
		576C0DFC298ACF7100485AD5 /* GoogleService-Info.plist */ = {isa = PBXFileReference; fileEncoding = 4; lastKnownFileType = text.plist.xml; path = "GoogleService-Info.plist"; sourceTree = "<group>"; };
		576C0E01298AD07000485AD5 /* LoginViewController.swift */ = {isa = PBXFileReference; lastKnownFileType = sourcecode.swift; path = LoginViewController.swift; sourceTree = "<group>"; };
		57B5A9F929B8A21300BB07A8 /* ProfileHeaderTableViewCell.swift */ = {isa = PBXFileReference; lastKnownFileType = sourcecode.swift; path = ProfileHeaderTableViewCell.swift; sourceTree = "<group>"; };
		57B5A9FA29B8A21300BB07A8 /* ProfileHeaderTableViewCell.xib */ = {isa = PBXFileReference; lastKnownFileType = file.xib; path = ProfileHeaderTableViewCell.xib; sourceTree = "<group>"; };
		57B5A9FD29B8A25B00BB07A8 /* ProfileBodyTableViewCell.swift */ = {isa = PBXFileReference; lastKnownFileType = sourcecode.swift; path = ProfileBodyTableViewCell.swift; sourceTree = "<group>"; };
		57B5A9FE29B8A25B00BB07A8 /* ProfileBodyTableViewCell.xib */ = {isa = PBXFileReference; lastKnownFileType = file.xib; path = ProfileBodyTableViewCell.xib; sourceTree = "<group>"; };
		57C3DD9E299CBFEE009466FA /* Constants.swift */ = {isa = PBXFileReference; lastKnownFileType = sourcecode.swift; path = Constants.swift; sourceTree = "<group>"; };
		57C3DDA0299CFC57009466FA /* GeoDataSource.swift */ = {isa = PBXFileReference; lastKnownFileType = sourcecode.swift; path = GeoDataSource.swift; sourceTree = "<group>"; };
		57D88FD2298AD2AF00C33F29 /* TabBarController.swift */ = {isa = PBXFileReference; lastKnownFileType = sourcecode.swift; path = TabBarController.swift; sourceTree = "<group>"; };
		57D88FD5298AD2ED00C33F29 /* ExampleNavigationController.swift */ = {isa = PBXFileReference; lastKnownFileType = sourcecode.swift; path = ExampleNavigationController.swift; sourceTree = "<group>"; };
		57D88FD7298AD30F00C33F29 /* ExampleIrregularityBasicContentView.swift */ = {isa = PBXFileReference; lastKnownFileType = sourcecode.swift; path = ExampleIrregularityBasicContentView.swift; sourceTree = "<group>"; };
		57D88FD9298AD32800C33F29 /* ExampleBouncesContentView.swift */ = {isa = PBXFileReference; lastKnownFileType = sourcecode.swift; path = ExampleBouncesContentView.swift; sourceTree = "<group>"; };
		57D88FDB298AD33F00C33F29 /* ExampleBasicContentView.swift */ = {isa = PBXFileReference; lastKnownFileType = sourcecode.swift; path = ExampleBasicContentView.swift; sourceTree = "<group>"; };
		57D88FDF298AD42200C33F29 /* ReviewViewController.swift */ = {isa = PBXFileReference; lastKnownFileType = sourcecode.swift; path = ReviewViewController.swift; sourceTree = "<group>"; };
		57D88FE1298AD42C00C33F29 /* PloggingViewController.swift */ = {isa = PBXFileReference; lastKnownFileType = sourcecode.swift; path = PloggingViewController.swift; sourceTree = "<group>"; };
		57D88FE3298AD43500C33F29 /* RankingViewController.swift */ = {isa = PBXFileReference; lastKnownFileType = sourcecode.swift; path = RankingViewController.swift; sourceTree = "<group>"; };
		57D88FE5298AD44000C33F29 /* ProfileViewController.swift */ = {isa = PBXFileReference; lastKnownFileType = sourcecode.swift; path = ProfileViewController.swift; sourceTree = "<group>"; };
		57E4FD9829927CC100C8E082 /* TrashAlbumViewController.swift */ = {isa = PBXFileReference; lastKnownFileType = sourcecode.swift; path = TrashAlbumViewController.swift; sourceTree = "<group>"; };
		57E4FD9B299288C900C8E082 /* TrashCategoryTableViewCell.swift */ = {isa = PBXFileReference; lastKnownFileType = sourcecode.swift; path = TrashCategoryTableViewCell.swift; sourceTree = "<group>"; };
		57E4FD9C299288C900C8E082 /* TrashCategoryTableViewCell.xib */ = {isa = PBXFileReference; lastKnownFileType = file.xib; path = TrashCategoryTableViewCell.xib; sourceTree = "<group>"; };
		57E4FD9F29928AEE00C8E082 /* TrashPhotoTableViewCell.swift */ = {isa = PBXFileReference; lastKnownFileType = sourcecode.swift; path = TrashPhotoTableViewCell.swift; sourceTree = "<group>"; };
		57E4FDA029928AEE00C8E082 /* TrashPhotoTableViewCell.xib */ = {isa = PBXFileReference; lastKnownFileType = file.xib; path = TrashPhotoTableViewCell.xib; sourceTree = "<group>"; };
		57E4FDA3299298A000C8E082 /* TrashPhotoCollectionViewCell.swift */ = {isa = PBXFileReference; lastKnownFileType = sourcecode.swift; path = TrashPhotoCollectionViewCell.swift; sourceTree = "<group>"; };
		57E4FDA4299298A000C8E082 /* TrashPhotoCollectionViewCell.xib */ = {isa = PBXFileReference; lastKnownFileType = file.xib; path = TrashPhotoCollectionViewCell.xib; sourceTree = "<group>"; };
		57E4FDB12993086300C8E082 /* ActivateGroupsViewController.swift */ = {isa = PBXFileReference; lastKnownFileType = sourcecode.swift; path = ActivateGroupsViewController.swift; sourceTree = "<group>"; };
		57F2F06329B8BCB8008605F5 /* ReviewTableViewCell.swift */ = {isa = PBXFileReference; lastKnownFileType = sourcecode.swift; path = ReviewTableViewCell.swift; sourceTree = "<group>"; };
		57F2F06429B8BCB8008605F5 /* ReviewTableViewCell.xib */ = {isa = PBXFileReference; lastKnownFileType = file.xib; path = ReviewTableViewCell.xib; sourceTree = "<group>"; };
		57F2F06729B9051C008605F5 /* ProfileBodyCollectionViewCell.swift */ = {isa = PBXFileReference; lastKnownFileType = sourcecode.swift; path = ProfileBodyCollectionViewCell.swift; sourceTree = "<group>"; };
		57F2F06829B9051C008605F5 /* ProfileBodyCollectionViewCell.xib */ = {isa = PBXFileReference; lastKnownFileType = file.xib; path = ProfileBodyCollectionViewCell.xib; sourceTree = "<group>"; };
		57F2F06C29BCDA6E008605F5 /* PloggingDetailViewController.swift */ = {isa = PBXFileReference; lastKnownFileType = sourcecode.swift; path = PloggingDetailViewController.swift; sourceTree = "<group>"; };
		57F2F06E29BDC181008605F5 /* UserNetManager.swift */ = {isa = PBXFileReference; lastKnownFileType = sourcecode.swift; path = UserNetManager.swift; sourceTree = "<group>"; };
		57F2F07029BDC28A008605F5 /* User.swift */ = {isa = PBXFileReference; lastKnownFileType = sourcecode.swift; path = User.swift; sourceTree = "<group>"; };
		57F2F07229BE4649008605F5 /* PloggingNetManager.swift */ = {isa = PBXFileReference; lastKnownFileType = sourcecode.swift; path = PloggingNetManager.swift; sourceTree = "<group>"; };
		57F2F07429BE4688008605F5 /* Activity.swift */ = {isa = PBXFileReference; lastKnownFileType = sourcecode.swift; path = Activity.swift; sourceTree = "<group>"; };
		57F2F07629BF4E0C008605F5 /* UserDefaults+Ext.swift */ = {isa = PBXFileReference; lastKnownFileType = sourcecode.swift; path = "UserDefaults+Ext.swift"; sourceTree = "<group>"; };
		57F2F07929C1A133008605F5 /* Group.swift */ = {isa = PBXFileReference; lastKnownFileType = sourcecode.swift; path = Group.swift; sourceTree = "<group>"; };
		57F2F07B29C1A534008605F5 /* GroupManager.swift */ = {isa = PBXFileReference; lastKnownFileType = sourcecode.swift; path = GroupManager.swift; sourceTree = "<group>"; };
		57F2F07D29C1A5A7008605F5 /* GroupNetManager.swift */ = {isa = PBXFileReference; lastKnownFileType = sourcecode.swift; path = GroupNetManager.swift; sourceTree = "<group>"; };
		57F2F08129C1F85E008605F5 /* TabManViewController.swift */ = {isa = PBXFileReference; lastKnownFileType = sourcecode.swift; path = TabManViewController.swift; sourceTree = "<group>"; };
		57F2F08429C1FBC1008605F5 /* TimeRankViewController.swift */ = {isa = PBXFileReference; lastKnownFileType = sourcecode.swift; path = TimeRankViewController.swift; sourceTree = "<group>"; };
		57F2F08629C1FBCD008605F5 /* KmRankViewController.swift */ = {isa = PBXFileReference; lastKnownFileType = sourcecode.swift; path = KmRankViewController.swift; sourceTree = "<group>"; };
		57F2F08929C2185D008605F5 /* ActivateGroupHeaderView.swift */ = {isa = PBXFileReference; lastKnownFileType = sourcecode.swift; path = ActivateGroupHeaderView.swift; sourceTree = "<group>"; };
		57F2F08F29C218ED008605F5 /* ActivateGroupHeaderView.xib */ = {isa = PBXFileReference; lastKnownFileType = file.xib; path = ActivateGroupHeaderView.xib; sourceTree = "<group>"; };
		5ABBF463B755262834113F11 /* Pods_Netwalk_iOS.framework */ = {isa = PBXFileReference; explicitFileType = wrapper.framework; includeInIndex = 0; path = Pods_Netwalk_iOS.framework; sourceTree = BUILT_PRODUCTS_DIR; };
		9512A03129C85783003CC81F /* MyGroupViewController.swift */ = {isa = PBXFileReference; lastKnownFileType = sourcecode.swift; path = MyGroupViewController.swift; sourceTree = "<group>"; };
		95161D30299B981E002B86BA /* DetailGroupViewController.swift */ = {isa = PBXFileReference; lastKnownFileType = sourcecode.swift; path = DetailGroupViewController.swift; sourceTree = "<group>"; };
		95161D32299BA71E002B86BA /* DetailGroupTableViewCell.swift */ = {isa = PBXFileReference; lastKnownFileType = sourcecode.swift; path = DetailGroupTableViewCell.swift; sourceTree = "<group>"; };
		95161D33299BA71E002B86BA /* DetailGroupTableViewCell.xib */ = {isa = PBXFileReference; lastKnownFileType = file.xib; path = DetailGroupTableViewCell.xib; sourceTree = "<group>"; };
		95231F8629BE41F200B77123 /* ActiveUser.swift */ = {isa = PBXFileReference; lastKnownFileType = sourcecode.swift; path = ActiveUser.swift; sourceTree = "<group>"; };
		952CB78C2997BA8700173BA3 /* SecretKey.plist */ = {isa = PBXFileReference; lastKnownFileType = text.plist.xml; path = SecretKey.plist; sourceTree = "<group>"; };
		957DE61A29C1FFD100123538 /* TrashRankViewController.swift */ = {isa = PBXFileReference; lastKnownFileType = sourcecode.swift; path = TrashRankViewController.swift; sourceTree = "<group>"; };
		9580E22529C22C3200387E34 /* TrashRankTableViewCell.swift */ = {isa = PBXFileReference; lastKnownFileType = sourcecode.swift; path = TrashRankTableViewCell.swift; sourceTree = "<group>"; };
		9580E22629C22C3200387E34 /* TrashRankTableViewCell.xib */ = {isa = PBXFileReference; lastKnownFileType = file.xib; path = TrashRankTableViewCell.xib; sourceTree = "<group>"; };
		9580E22929C22C4D00387E34 /* KmRankTableViewCell.swift */ = {isa = PBXFileReference; lastKnownFileType = sourcecode.swift; path = KmRankTableViewCell.swift; sourceTree = "<group>"; };
		9580E22A29C22C4D00387E34 /* KmRankTableViewCell.xib */ = {isa = PBXFileReference; lastKnownFileType = file.xib; path = KmRankTableViewCell.xib; sourceTree = "<group>"; };
		95A503FB299A13100022B3DE /* NewGroupViewController.swift */ = {isa = PBXFileReference; lastKnownFileType = sourcecode.swift; path = NewGroupViewController.swift; sourceTree = "<group>"; };
		95AEDB9E29BF6F2500EBFE55 /* DetailGroupCollectionViewCell.swift */ = {isa = PBXFileReference; lastKnownFileType = sourcecode.swift; path = DetailGroupCollectionViewCell.swift; sourceTree = "<group>"; };
		95AEDB9F29BF6F2500EBFE55 /* DetailGroupCollectionViewCell.xib */ = {isa = PBXFileReference; lastKnownFileType = file.xib; path = DetailGroupCollectionViewCell.xib; sourceTree = "<group>"; };
		95B6598729C224E600271BA8 /* TimeRankTableViewCell.swift */ = {isa = PBXFileReference; lastKnownFileType = sourcecode.swift; path = TimeRankTableViewCell.swift; sourceTree = "<group>"; };
		95B6598829C224E600271BA8 /* TimeRankTableViewCell.xib */ = {isa = PBXFileReference; lastKnownFileType = file.xib; path = TimeRankTableViewCell.xib; sourceTree = "<group>"; };
		95D3695A29BE362700106F5B /* TypeCollectionViewCell.swift */ = {isa = PBXFileReference; lastKnownFileType = sourcecode.swift; path = TypeCollectionViewCell.swift; sourceTree = "<group>"; };
		95D3695B29BE362700106F5B /* TypeCollectionViewCell.xib */ = {isa = PBXFileReference; lastKnownFileType = file.xib; path = TypeCollectionViewCell.xib; sourceTree = "<group>"; };
		95D3696429BE368C00106F5B /* GroupCollectionViewCell.swift */ = {isa = PBXFileReference; lastKnownFileType = sourcecode.swift; path = GroupCollectionViewCell.swift; sourceTree = "<group>"; };
		95D3696529BE368C00106F5B /* GroupCollectionViewCell.xib */ = {isa = PBXFileReference; lastKnownFileType = file.xib; path = GroupCollectionViewCell.xib; sourceTree = "<group>"; };
		95D3696D29BE376000106F5B /* TypeTableViewCell.swift */ = {isa = PBXFileReference; lastKnownFileType = sourcecode.swift; path = TypeTableViewCell.swift; sourceTree = "<group>"; };
		95D3696E29BE376000106F5B /* TypeTableViewCell.xib */ = {isa = PBXFileReference; lastKnownFileType = file.xib; path = TypeTableViewCell.xib; sourceTree = "<group>"; };
		95D3697129BE377000106F5B /* GroupTableViewCell.swift */ = {isa = PBXFileReference; lastKnownFileType = sourcecode.swift; path = GroupTableViewCell.swift; sourceTree = "<group>"; };
		95D3697229BE377000106F5B /* GroupTableViewCell.xib */ = {isa = PBXFileReference; lastKnownFileType = file.xib; path = GroupTableViewCell.xib; sourceTree = "<group>"; };
		95EFDD24299A50E00005BAE7 /* MyGroupTableViewCell.xib */ = {isa = PBXFileReference; fileEncoding = 4; lastKnownFileType = file.xib; name = MyGroupTableViewCell.xib; path = "Netwalk-iOS/Views/Group/MyGroup/MyGroupTableViewCell.xib"; sourceTree = SOURCE_ROOT; };
		95EFDD25299A50E00005BAE7 /* MyGroupTableViewCell.swift */ = {isa = PBXFileReference; fileEncoding = 4; lastKnownFileType = sourcecode.swift; name = MyGroupTableViewCell.swift; path = "Netwalk-iOS/Views/Group/MyGroup/MyGroupTableViewCell.swift"; sourceTree = SOURCE_ROOT; };
		95EFDD36299A61E20005BAE7 /* Category.swift */ = {isa = PBXFileReference; lastKnownFileType = sourcecode.swift; path = Category.swift; sourceTree = "<group>"; };
		95F8984E29C45F6800B6014F /* CreateViewController.swift */ = {isa = PBXFileReference; lastKnownFileType = sourcecode.swift; path = CreateViewController.swift; sourceTree = "<group>"; };
/* End PBXFileReference section */

/* Begin PBXFrameworksBuildPhase section */
		576C0DDD298ACAB300485AD5 /* Frameworks */ = {
			isa = PBXFrameworksBuildPhase;
			buildActionMask = 2147483647;
			files = (
				7AA3F62EF603725162AB6B74 /* Pods_Netwalk_iOS.framework in Frameworks */,
			);
			runOnlyForDeploymentPostprocessing = 0;
		};
/* End PBXFrameworksBuildPhase section */

/* Begin PBXGroup section */
		576B64B22997B27E002609FA /* Networking */ = {
			isa = PBXGroup;
			children = (
				576B64B8299807B0002609FA /* AINetManager.swift */,
				57F2F06E29BDC181008605F5 /* UserNetManager.swift */,
				57F2F07229BE4649008605F5 /* PloggingNetManager.swift */,
				57F2F07D29C1A5A7008605F5 /* GroupNetManager.swift */,
			);
			path = Networking;
			sourceTree = "<group>";
		};
		576B64B52997B658002609FA /* Models */ = {
			isa = PBXGroup;
			children = (
				57F2F07829C1A0F3008605F5 /* Tables */,
				576B64BA29980E09002609FA /* AIResult.swift */,
				95EFDD36299A61E20005BAE7 /* Category.swift */,
				95231F8629BE41F200B77123 /* ActiveUser.swift */,
				57F2F07B29C1A534008605F5 /* GroupManager.swift */,
			);
			path = Models;
			sourceTree = "<group>";
		};
		576C0DD7298ACAB300485AD5 = {
			isa = PBXGroup;
			children = (
				576C0DE2298ACAB300485AD5 /* Netwalk-iOS */,
				576C0DE1298ACAB300485AD5 /* Products */,
				ED93471A6FE4872BCA376455 /* Pods */,
				6A7398B2DB305C1B1D15B3FB /* Frameworks */,
			);
			sourceTree = "<group>";
		};
		576C0DE1298ACAB300485AD5 /* Products */ = {
			isa = PBXGroup;
			children = (
				576C0DE0298ACAB300485AD5 /* Netwalk-iOS.app */,
			);
			name = Products;
			sourceTree = "<group>";
		};
		576C0DE2298ACAB300485AD5 /* Netwalk-iOS */ = {
			isa = PBXGroup;
			children = (
				576C0DE3298ACAB300485AD5 /* AppDelegate.swift */,
				576C0DE5298ACAB300485AD5 /* SceneDelegate.swift */,
				576C0E00298ACFF800485AD5 /* Sources */,
				576C0DF9298ACE8500485AD5 /* Extensions */,
				57C3DD9D299CBFCE009466FA /* Helpers */,
				576B64B22997B27E002609FA /* Networking */,
				576B64B52997B658002609FA /* Models */,
				576C0DFF298ACFF200485AD5 /* Views */,
				576C0DFE298ACFED00485AD5 /* Controllers */,
				576C0DE9298ACAB300485AD5 /* Main.storyboard */,
				576C0DEC298ACAB400485AD5 /* Assets.xcassets */,
				576C0DEE298ACAB400485AD5 /* LaunchScreen.storyboard */,
				576C0DF1298ACAB400485AD5 /* Info.plist */,
				576C0DFC298ACF7100485AD5 /* GoogleService-Info.plist */,
				952CB78C2997BA8700173BA3 /* SecretKey.plist */,
			);
			path = "Netwalk-iOS";
			sourceTree = "<group>";
		};
		576C0DF9298ACE8500485AD5 /* Extensions */ = {
			isa = PBXGroup;
			children = (
				576C0DFA298ACE9C00485AD5 /* Bundle+Ext.swift */,
				57F2F07629BF4E0C008605F5 /* UserDefaults+Ext.swift */,
			);
			path = Extensions;
			sourceTree = "<group>";
		};
		576C0DFE298ACFED00485AD5 /* Controllers */ = {
			isa = PBXGroup;
			children = (
				57F2F06B29BCDA48008605F5 /* Profile */,
				95BDB9A1299A0FE0003680EE /* Group */,
				57E4FDB0299307FD00C8E082 /* Plogging */,
				57F2F08329C1FB9B008605F5 /* Ranking */,
				576C0E01298AD07000485AD5 /* LoginViewController.swift */,
				57D88FDF298AD42200C33F29 /* ReviewViewController.swift */,
				57E4FD9829927CC100C8E082 /* TrashAlbumViewController.swift */,
			);
			path = Controllers;
			sourceTree = "<group>";
		};
		576C0DFF298ACFF200485AD5 /* Views */ = {
			isa = PBXGroup;
			children = (
				95B6598429C224BA00271BA8 /* Ranking */,
				57F2F06229B8BC9F008605F5 /* Review */,
				57B5A9F829B8A08D00BB07A8 /* Profile */,
				57C3DD9B299A9B0B009466FA /* Group */,
				57E4FD9A299287DD00C8E082 /* Trash */,
			);
			path = Views;
			sourceTree = "<group>";
		};
		576C0E00298ACFF800485AD5 /* Sources */ = {
			isa = PBXGroup;
			children = (
				57D88FD4298AD2BA00C33F29 /* ESTabBar */,
				57C3DDA0299CFC57009466FA /* GeoDataSource.swift */,
			);
			path = Sources;
			sourceTree = "<group>";
		};
		57B5A9F829B8A08D00BB07A8 /* Profile */ = {
			isa = PBXGroup;
			children = (
				57B5A9F929B8A21300BB07A8 /* ProfileHeaderTableViewCell.swift */,
				57B5A9FA29B8A21300BB07A8 /* ProfileHeaderTableViewCell.xib */,
				57B5A9FD29B8A25B00BB07A8 /* ProfileBodyTableViewCell.swift */,
				57B5A9FE29B8A25B00BB07A8 /* ProfileBodyTableViewCell.xib */,
				57F2F06729B9051C008605F5 /* ProfileBodyCollectionViewCell.swift */,
				57F2F06829B9051C008605F5 /* ProfileBodyCollectionViewCell.xib */,
			);
			path = Profile;
			sourceTree = "<group>";
		};
		57C3DD9B299A9B0B009466FA /* Group */ = {
			isa = PBXGroup;
			children = (
				57F2F08829C21800008605F5 /* ActivateGroup */,
				95C640A929BE32CE006E44E3 /* MyGroup */,
				95CBE99329BE27680066233B /* NewGroup */,
				9542A25D29BE16D800D22BF6 /* DetailGroup */,
			);
			path = Group;
			sourceTree = "<group>";
		};
		57C3DD9D299CBFCE009466FA /* Helpers */ = {
			isa = PBXGroup;
			children = (
				57C3DD9E299CBFEE009466FA /* Constants.swift */,
			);
			path = Helpers;
			sourceTree = "<group>";
		};
		57D88FD4298AD2BA00C33F29 /* ESTabBar */ = {
			isa = PBXGroup;
			children = (
				57D88FD2298AD2AF00C33F29 /* TabBarController.swift */,
				57D88FD5298AD2ED00C33F29 /* ExampleNavigationController.swift */,
				57D88FD7298AD30F00C33F29 /* ExampleIrregularityBasicContentView.swift */,
				57D88FD9298AD32800C33F29 /* ExampleBouncesContentView.swift */,
				57D88FDB298AD33F00C33F29 /* ExampleBasicContentView.swift */,
			);
			path = ESTabBar;
			sourceTree = "<group>";
		};
		57E4FD9A299287DD00C8E082 /* Trash */ = {
			isa = PBXGroup;
			children = (
				57E4FD9B299288C900C8E082 /* TrashCategoryTableViewCell.swift */,
				57E4FD9C299288C900C8E082 /* TrashCategoryTableViewCell.xib */,
				57E4FD9F29928AEE00C8E082 /* TrashPhotoTableViewCell.swift */,
				57E4FDA029928AEE00C8E082 /* TrashPhotoTableViewCell.xib */,
				57E4FDA3299298A000C8E082 /* TrashPhotoCollectionViewCell.swift */,
				57E4FDA4299298A000C8E082 /* TrashPhotoCollectionViewCell.xib */,
			);
			path = Trash;
			sourceTree = "<group>";
		};
		57E4FDB0299307FD00C8E082 /* Plogging */ = {
			isa = PBXGroup;
			children = (
				57D88FE1298AD42C00C33F29 /* PloggingViewController.swift */,
				57E4FDB12993086300C8E082 /* ActivateGroupsViewController.swift */,
			);
			path = Plogging;
			sourceTree = "<group>";
		};
		57F2F06229B8BC9F008605F5 /* Review */ = {
			isa = PBXGroup;
			children = (
				57F2F06329B8BCB8008605F5 /* ReviewTableViewCell.swift */,
				57F2F06429B8BCB8008605F5 /* ReviewTableViewCell.xib */,
			);
			path = Review;
			sourceTree = "<group>";
		};
		57F2F06B29BCDA48008605F5 /* Profile */ = {
			isa = PBXGroup;
			children = (
				57D88FE5298AD44000C33F29 /* ProfileViewController.swift */,
				57F2F06C29BCDA6E008605F5 /* PloggingDetailViewController.swift */,
			);
			path = Profile;
			sourceTree = "<group>";
		};
		57F2F07829C1A0F3008605F5 /* Tables */ = {
			isa = PBXGroup;
			children = (
				57F2F07029BDC28A008605F5 /* User.swift */,
				57F2F07429BE4688008605F5 /* Activity.swift */,
				57F2F07929C1A133008605F5 /* Group.swift */,
			);
			path = Tables;
			sourceTree = "<group>";
		};
		57F2F08329C1FB9B008605F5 /* Ranking */ = {
			isa = PBXGroup;
			children = (
				57D88FE3298AD43500C33F29 /* RankingViewController.swift */,
				57F2F08129C1F85E008605F5 /* TabManViewController.swift */,
				57F2F08429C1FBC1008605F5 /* TimeRankViewController.swift */,
				57F2F08629C1FBCD008605F5 /* KmRankViewController.swift */,
				957DE61A29C1FFD100123538 /* TrashRankViewController.swift */,
			);
			path = Ranking;
			sourceTree = "<group>";
		};
		57F2F08829C21800008605F5 /* ActivateGroup */ = {
			isa = PBXGroup;
			children = (
				57F2F08929C2185D008605F5 /* ActivateGroupHeaderView.swift */,
				57F2F08F29C218ED008605F5 /* ActivateGroupHeaderView.xib */,
			);
			path = ActivateGroup;
			sourceTree = "<group>";
		};
		6A7398B2DB305C1B1D15B3FB /* Frameworks */ = {
			isa = PBXGroup;
			children = (
				5ABBF463B755262834113F11 /* Pods_Netwalk_iOS.framework */,
			);
			name = Frameworks;
			sourceTree = "<group>";
		};
		9542A25D29BE16D800D22BF6 /* DetailGroup */ = {
			isa = PBXGroup;
			children = (
				95161D32299BA71E002B86BA /* DetailGroupTableViewCell.swift */,
				95161D33299BA71E002B86BA /* DetailGroupTableViewCell.xib */,
				95AEDB9E29BF6F2500EBFE55 /* DetailGroupCollectionViewCell.swift */,
				95AEDB9F29BF6F2500EBFE55 /* DetailGroupCollectionViewCell.xib */,
			);
			path = DetailGroup;
			sourceTree = "<group>";
		};
		95B6598429C224BA00271BA8 /* Ranking */ = {
			isa = PBXGroup;
			children = (
				95B6598729C224E600271BA8 /* TimeRankTableViewCell.swift */,
				95B6598829C224E600271BA8 /* TimeRankTableViewCell.xib */,
				9580E22529C22C3200387E34 /* TrashRankTableViewCell.swift */,
				9580E22629C22C3200387E34 /* TrashRankTableViewCell.xib */,
				9580E22929C22C4D00387E34 /* KmRankTableViewCell.swift */,
				9580E22A29C22C4D00387E34 /* KmRankTableViewCell.xib */,
			);
			path = Ranking;
			sourceTree = "<group>";
		};
		95BDB9A1299A0FE0003680EE /* Group */ = {
			isa = PBXGroup;
			children = (
				95161D30299B981E002B86BA /* DetailGroupViewController.swift */,
				95A503FB299A13100022B3DE /* NewGroupViewController.swift */,
				95F8984E29C45F6800B6014F /* CreateViewController.swift */,
				9512A03129C85783003CC81F /* MyGroupViewController.swift */,
			);
			path = Group;
			sourceTree = "<group>";
		};
		95C640A929BE32CE006E44E3 /* MyGroup */ = {
			isa = PBXGroup;
			children = (
				95EFDD25299A50E00005BAE7 /* MyGroupTableViewCell.swift */,
				95EFDD24299A50E00005BAE7 /* MyGroupTableViewCell.xib */,
			);
			path = MyGroup;
			sourceTree = "<group>";
		};
		95CBE99329BE27680066233B /* NewGroup */ = {
			isa = PBXGroup;
			children = (
				95D3696829BE369100106F5B /* GroupTableViewCell */,
				95D3696329BE367000106F5B /* GroupCollectionViewCell */,
				95D3695E29BE362C00106F5B /* TypeTableViewCell */,
				95D3695929BE35F300106F5B /* TypeCollectionViewCell */,
			);
			path = NewGroup;
			sourceTree = "<group>";
		};
		95D3695929BE35F300106F5B /* TypeCollectionViewCell */ = {
			isa = PBXGroup;
			children = (
				95D3695A29BE362700106F5B /* TypeCollectionViewCell.swift */,
				95D3695B29BE362700106F5B /* TypeCollectionViewCell.xib */,
			);
			path = TypeCollectionViewCell;
			sourceTree = "<group>";
		};
		95D3695E29BE362C00106F5B /* TypeTableViewCell */ = {
			isa = PBXGroup;
			children = (
				95D3696D29BE376000106F5B /* TypeTableViewCell.swift */,
				95D3696E29BE376000106F5B /* TypeTableViewCell.xib */,
			);
			path = TypeTableViewCell;
			sourceTree = "<group>";
		};
		95D3696329BE367000106F5B /* GroupCollectionViewCell */ = {
			isa = PBXGroup;
			children = (
				95D3696429BE368C00106F5B /* GroupCollectionViewCell.swift */,
				95D3696529BE368C00106F5B /* GroupCollectionViewCell.xib */,
			);
			path = GroupCollectionViewCell;
			sourceTree = "<group>";
		};
		95D3696829BE369100106F5B /* GroupTableViewCell */ = {
			isa = PBXGroup;
			children = (
				95D3697129BE377000106F5B /* GroupTableViewCell.swift */,
				95D3697229BE377000106F5B /* GroupTableViewCell.xib */,
			);
			path = GroupTableViewCell;
			sourceTree = "<group>";
		};
		ED93471A6FE4872BCA376455 /* Pods */ = {
			isa = PBXGroup;
			children = (
				4F671F28F8A304E80430BB26 /* Pods-Netwalk-iOS.debug.xcconfig */,
				277EA68E255120B0DBC71666 /* Pods-Netwalk-iOS.release.xcconfig */,
			);
			path = Pods;
			sourceTree = "<group>";
		};
/* End PBXGroup section */

/* Begin PBXNativeTarget section */
		576C0DDF298ACAB300485AD5 /* Netwalk-iOS */ = {
			isa = PBXNativeTarget;
			buildConfigurationList = 576C0DF4298ACAB400485AD5 /* Build configuration list for PBXNativeTarget "Netwalk-iOS" */;
			buildPhases = (
				C8E2E77CEA4139F088D2B424 /* [CP] Check Pods Manifest.lock */,
				576C0DDC298ACAB300485AD5 /* Sources */,
				576C0DDD298ACAB300485AD5 /* Frameworks */,
				576C0DDE298ACAB300485AD5 /* Resources */,
				5B967314334DC482809FB6C1 /* [CP] Embed Pods Frameworks */,
				7988CCD396E021E4ABC2F21A /* [CP] Copy Pods Resources */,
			);
			buildRules = (
			);
			dependencies = (
			);
			name = "Netwalk-iOS";
			productName = "Netwalk-iOS";
			productReference = 576C0DE0298ACAB300485AD5 /* Netwalk-iOS.app */;
			productType = "com.apple.product-type.application";
		};
/* End PBXNativeTarget section */

/* Begin PBXProject section */
		576C0DD8298ACAB300485AD5 /* Project object */ = {
			isa = PBXProject;
			attributes = {
				BuildIndependentTargetsInParallel = 1;
				LastSwiftUpdateCheck = 1420;
				LastUpgradeCheck = 1420;
				TargetAttributes = {
					576C0DDF298ACAB300485AD5 = {
						CreatedOnToolsVersion = 14.2;
					};
				};
			};
			buildConfigurationList = 576C0DDB298ACAB300485AD5 /* Build configuration list for PBXProject "Netwalk-iOS" */;
			compatibilityVersion = "Xcode 14.0";
			developmentRegion = en;
			hasScannedForEncodings = 0;
			knownRegions = (
				en,
				Base,
			);
			mainGroup = 576C0DD7298ACAB300485AD5;
			productRefGroup = 576C0DE1298ACAB300485AD5 /* Products */;
			projectDirPath = "";
			projectRoot = "";
			targets = (
				576C0DDF298ACAB300485AD5 /* Netwalk-iOS */,
			);
		};
/* End PBXProject section */

/* Begin PBXResourcesBuildPhase section */
		576C0DDE298ACAB300485AD5 /* Resources */ = {
			isa = PBXResourcesBuildPhase;
			buildActionMask = 2147483647;
			files = (
				9580E22829C22C3200387E34 /* TrashRankTableViewCell.xib in Resources */,
				95231F8529BE3F9900B77123 /* LaunchScreen.storyboard in Resources */,
				95231F7329BE3F9300B77123 /* ReviewTableViewCell.xib in Resources */,
				95231F7429BE3F9300B77123 /* ProfileHeaderTableViewCell.xib in Resources */,
				95231F7629BE3F9300B77123 /* ProfileBodyCollectionViewCell.xib in Resources */,
				95231F7729BE3F9300B77123 /* MyGroupTableViewCell.xib in Resources */,
				95231F7A29BE3F9300B77123 /* TypeTableViewCell.xib in Resources */,
				95231F7B29BE3F9300B77123 /* TypeCollectionViewCell.xib in Resources */,
				95231F7C29BE3F9300B77123 /* DetailGroupTableViewCell.xib in Resources */,
				95231F7929BE3F9300B77123 /* GroupCollectionViewCell.xib in Resources */,
				95231F7829BE3F9300B77123 /* GroupTableViewCell.xib in Resources */,
				57F2F09029C218ED008605F5 /* ActivateGroupHeaderView.xib in Resources */,
				95231F8129BE3F9300B77123 /* TrashPhotoTableViewCell.xib in Resources */,
				95231F8029BE3F9300B77123 /* TrashCategoryTableViewCell.xib in Resources */,
				95231F8229BE3F9300B77123 /* TrashPhotoCollectionViewCell.xib in Resources */,
				95231F8329BE3F9300B77123 /* Assets.xcassets in Resources */,
				9580E22C29C22C4D00387E34 /* KmRankTableViewCell.xib in Resources */,
				95231F7529BE3F9300B77123 /* ProfileBodyTableViewCell.xib in Resources */,
				95B6598A29C224E600271BA8 /* TimeRankTableViewCell.xib in Resources */,
				95231F8429BE3F9300B77123 /* SecretKey.plist in Resources */,
				95231F7229BE3F4A00B77123 /* Main.storyboard in Resources */,
				95AEDBA129BF6F2500EBFE55 /* DetailGroupCollectionViewCell.xib in Resources */,
				95231F7129BE3F2E00B77123 /* GoogleService-Info.plist in Resources */,
			);
			runOnlyForDeploymentPostprocessing = 0;
		};
/* End PBXResourcesBuildPhase section */

/* Begin PBXShellScriptBuildPhase section */
		5B967314334DC482809FB6C1 /* [CP] Embed Pods Frameworks */ = {
			isa = PBXShellScriptBuildPhase;
			buildActionMask = 2147483647;
			files = (
			);
			inputFileListPaths = (
				"${PODS_ROOT}/Target Support Files/Pods-Netwalk-iOS/Pods-Netwalk-iOS-frameworks-${CONFIGURATION}-input-files.xcfilelist",
			);
			name = "[CP] Embed Pods Frameworks";
			outputFileListPaths = (
				"${PODS_ROOT}/Target Support Files/Pods-Netwalk-iOS/Pods-Netwalk-iOS-frameworks-${CONFIGURATION}-output-files.xcfilelist",
			);
			runOnlyForDeploymentPostprocessing = 0;
			shellPath = /bin/sh;
			shellScript = "\"${PODS_ROOT}/Target Support Files/Pods-Netwalk-iOS/Pods-Netwalk-iOS-frameworks.sh\"\n";
			showEnvVarsInLog = 0;
		};
		7988CCD396E021E4ABC2F21A /* [CP] Copy Pods Resources */ = {
			isa = PBXShellScriptBuildPhase;
			buildActionMask = 2147483647;
			files = (
			);
			inputFileListPaths = (
				"${PODS_ROOT}/Target Support Files/Pods-Netwalk-iOS/Pods-Netwalk-iOS-resources-${CONFIGURATION}-input-files.xcfilelist",
			);
			name = "[CP] Copy Pods Resources";
			outputFileListPaths = (
				"${PODS_ROOT}/Target Support Files/Pods-Netwalk-iOS/Pods-Netwalk-iOS-resources-${CONFIGURATION}-output-files.xcfilelist",
			);
			runOnlyForDeploymentPostprocessing = 0;
			shellPath = /bin/sh;
			shellScript = "\"${PODS_ROOT}/Target Support Files/Pods-Netwalk-iOS/Pods-Netwalk-iOS-resources.sh\"\n";
			showEnvVarsInLog = 0;
		};
		C8E2E77CEA4139F088D2B424 /* [CP] Check Pods Manifest.lock */ = {
			isa = PBXShellScriptBuildPhase;
			buildActionMask = 2147483647;
			files = (
			);
			inputFileListPaths = (
			);
			inputPaths = (
				"${PODS_PODFILE_DIR_PATH}/Podfile.lock",
				"${PODS_ROOT}/Manifest.lock",
			);
			name = "[CP] Check Pods Manifest.lock";
			outputFileListPaths = (
			);
			outputPaths = (
				"$(DERIVED_FILE_DIR)/Pods-Netwalk-iOS-checkManifestLockResult.txt",
			);
			runOnlyForDeploymentPostprocessing = 0;
			shellPath = /bin/sh;
			shellScript = "diff \"${PODS_PODFILE_DIR_PATH}/Podfile.lock\" \"${PODS_ROOT}/Manifest.lock\" > /dev/null\nif [ $? != 0 ] ; then\n    # print error to STDERR\n    echo \"error: The sandbox is not in sync with the Podfile.lock. Run 'pod install' or update your CocoaPods installation.\" >&2\n    exit 1\nfi\n# This output is used by Xcode 'outputs' to avoid re-running this script phase.\necho \"SUCCESS\" > \"${SCRIPT_OUTPUT_FILE_0}\"\n";
			showEnvVarsInLog = 0;
		};
/* End PBXShellScriptBuildPhase section */

/* Begin PBXSourcesBuildPhase section */
		576C0DDC298ACAB300485AD5 /* Sources */ = {
			isa = PBXSourcesBuildPhase;
			buildActionMask = 2147483647;
			files = (
				95D3695C29BE362700106F5B /* TypeCollectionViewCell.swift in Sources */,
				57F2F07329BE4649008605F5 /* PloggingNetManager.swift in Sources */,
				57D88FE2298AD42C00C33F29 /* PloggingViewController.swift in Sources */,
				57D88FDA298AD32800C33F29 /* ExampleBouncesContentView.swift in Sources */,
				57D88FE4298AD43500C33F29 /* RankingViewController.swift in Sources */,
				57F2F07C29C1A534008605F5 /* GroupManager.swift in Sources */,
				57D88FE0298AD42200C33F29 /* ReviewViewController.swift in Sources */,
				95D3697329BE377000106F5B /* GroupTableViewCell.swift in Sources */,
				57F2F08729C1FBCD008605F5 /* KmRankViewController.swift in Sources */,
				57C3DDA1299CFC57009466FA /* GeoDataSource.swift in Sources */,
				57F2F07729BF4E0C008605F5 /* UserDefaults+Ext.swift in Sources */,
				95231F8729BE41F200B77123 /* ActiveUser.swift in Sources */,
				57F2F08A29C2185D008605F5 /* ActivateGroupHeaderView.swift in Sources */,
				95D3696F29BE376000106F5B /* TypeTableViewCell.swift in Sources */,
				9580E22729C22C3200387E34 /* TrashRankTableViewCell.swift in Sources */,
				576C0DFB298ACE9C00485AD5 /* Bundle+Ext.swift in Sources */,
				9512A03229C85783003CC81F /* MyGroupViewController.swift in Sources */,
				95F8984F29C45F6800B6014F /* CreateViewController.swift in Sources */,
				576C0DE4298ACAB300485AD5 /* AppDelegate.swift in Sources */,
				57F2F06929B9051C008605F5 /* ProfileBodyCollectionViewCell.swift in Sources */,
				57F2F06D29BCDA6E008605F5 /* PloggingDetailViewController.swift in Sources */,
				57B5A9FB29B8A21300BB07A8 /* ProfileHeaderTableViewCell.swift in Sources */,
				57D88FD8298AD30F00C33F29 /* ExampleIrregularityBasicContentView.swift in Sources */,
				57C3DD9F299CBFEE009466FA /* Constants.swift in Sources */,
				576B64B9299807B0002609FA /* AINetManager.swift in Sources */,
				957DE61B29C1FFD100123538 /* TrashRankViewController.swift in Sources */,
				57D88FD6298AD2ED00C33F29 /* ExampleNavigationController.swift in Sources */,
				57F2F06F29BDC181008605F5 /* UserNetManager.swift in Sources */,
				576B64BB29980E09002609FA /* AIResult.swift in Sources */,
				57F2F07129BDC28A008605F5 /* User.swift in Sources */,
				95A503FC299A13100022B3DE /* NewGroupViewController.swift in Sources */,
				57D88FDC298AD33F00C33F29 /* ExampleBasicContentView.swift in Sources */,
				9580E22B29C22C4D00387E34 /* KmRankTableViewCell.swift in Sources */,
				57F2F07E29C1A5A7008605F5 /* GroupNetManager.swift in Sources */,
				57E4FD9929927CC100C8E082 /* TrashAlbumViewController.swift in Sources */,
				95161D34299BA71E002B86BA /* DetailGroupTableViewCell.swift in Sources */,
				57F2F08529C1FBC1008605F5 /* TimeRankViewController.swift in Sources */,
				57D88FD3298AD2AF00C33F29 /* TabBarController.swift in Sources */,
				95B6598929C224E600271BA8 /* TimeRankTableViewCell.swift in Sources */,
				57E4FDA5299298A000C8E082 /* TrashPhotoCollectionViewCell.swift in Sources */,
				57D88FE6298AD44000C33F29 /* ProfileViewController.swift in Sources */,
				576C0E02298AD07000485AD5 /* LoginViewController.swift in Sources */,
				576C0DE6298ACAB300485AD5 /* SceneDelegate.swift in Sources */,
				57E4FDB22993086300C8E082 /* ActivateGroupsViewController.swift in Sources */,
				57E4FD9D299288C900C8E082 /* TrashCategoryTableViewCell.swift in Sources */,
				57B5A9FF29B8A25B00BB07A8 /* ProfileBodyTableViewCell.swift in Sources */,
				95D3696629BE368C00106F5B /* GroupCollectionViewCell.swift in Sources */,
				57F2F06529B8BCB8008605F5 /* ReviewTableViewCell.swift in Sources */,
				95EFDD27299A50E00005BAE7 /* MyGroupTableViewCell.swift in Sources */,
				57F2F08229C1F85E008605F5 /* TabManViewController.swift in Sources */,
				57F2F07A29C1A133008605F5 /* Group.swift in Sources */,
				95AEDBA029BF6F2500EBFE55 /* DetailGroupCollectionViewCell.swift in Sources */,
				57F2F07529BE4688008605F5 /* Activity.swift in Sources */,
				57E4FDA129928AEE00C8E082 /* TrashPhotoTableViewCell.swift in Sources */,
				95EFDD37299A61E20005BAE7 /* Category.swift in Sources */,
				95161D31299B981E002B86BA /* DetailGroupViewController.swift in Sources */,
			);
			runOnlyForDeploymentPostprocessing = 0;
		};
/* End PBXSourcesBuildPhase section */

/* Begin PBXVariantGroup section */
		576C0DE9298ACAB300485AD5 /* Main.storyboard */ = {
			isa = PBXVariantGroup;
			children = (
				576C0DEA298ACAB300485AD5 /* Base */,
			);
			name = Main.storyboard;
			sourceTree = "<group>";
		};
		576C0DEE298ACAB400485AD5 /* LaunchScreen.storyboard */ = {
			isa = PBXVariantGroup;
			children = (
				576C0DEF298ACAB400485AD5 /* Base */,
			);
			name = LaunchScreen.storyboard;
			sourceTree = "<group>";
		};
/* End PBXVariantGroup section */

/* Begin XCBuildConfiguration section */
		576C0DF2298ACAB400485AD5 /* Debug */ = {
			isa = XCBuildConfiguration;
			buildSettings = {
				ALWAYS_SEARCH_USER_PATHS = NO;
				CLANG_ANALYZER_NONNULL = YES;
				CLANG_ANALYZER_NUMBER_OBJECT_CONVERSION = YES_AGGRESSIVE;
				CLANG_CXX_LANGUAGE_STANDARD = "gnu++20";
				CLANG_ENABLE_MODULES = YES;
				CLANG_ENABLE_OBJC_ARC = YES;
				CLANG_ENABLE_OBJC_WEAK = YES;
				CLANG_WARN_BLOCK_CAPTURE_AUTORELEASING = YES;
				CLANG_WARN_BOOL_CONVERSION = YES;
				CLANG_WARN_COMMA = YES;
				CLANG_WARN_CONSTANT_CONVERSION = YES;
				CLANG_WARN_DEPRECATED_OBJC_IMPLEMENTATIONS = YES;
				CLANG_WARN_DIRECT_OBJC_ISA_USAGE = YES_ERROR;
				CLANG_WARN_DOCUMENTATION_COMMENTS = YES;
				CLANG_WARN_EMPTY_BODY = YES;
				CLANG_WARN_ENUM_CONVERSION = YES;
				CLANG_WARN_INFINITE_RECURSION = YES;
				CLANG_WARN_INT_CONVERSION = YES;
				CLANG_WARN_NON_LITERAL_NULL_CONVERSION = YES;
				CLANG_WARN_OBJC_IMPLICIT_RETAIN_SELF = YES;
				CLANG_WARN_OBJC_LITERAL_CONVERSION = YES;
				CLANG_WARN_OBJC_ROOT_CLASS = YES_ERROR;
				CLANG_WARN_QUOTED_INCLUDE_IN_FRAMEWORK_HEADER = YES;
				CLANG_WARN_RANGE_LOOP_ANALYSIS = YES;
				CLANG_WARN_STRICT_PROTOTYPES = YES;
				CLANG_WARN_SUSPICIOUS_MOVE = YES;
				CLANG_WARN_UNGUARDED_AVAILABILITY = YES_AGGRESSIVE;
				CLANG_WARN_UNREACHABLE_CODE = YES;
				CLANG_WARN__DUPLICATE_METHOD_MATCH = YES;
				COPY_PHASE_STRIP = NO;
				DEBUG_INFORMATION_FORMAT = dwarf;
				ENABLE_STRICT_OBJC_MSGSEND = YES;
				ENABLE_TESTABILITY = YES;
				GCC_C_LANGUAGE_STANDARD = gnu11;
				GCC_DYNAMIC_NO_PIC = NO;
				GCC_NO_COMMON_BLOCKS = YES;
				GCC_OPTIMIZATION_LEVEL = 0;
				GCC_PREPROCESSOR_DEFINITIONS = (
					"DEBUG=1",
					"$(inherited)",
				);
				GCC_WARN_64_TO_32_BIT_CONVERSION = YES;
				GCC_WARN_ABOUT_RETURN_TYPE = YES_ERROR;
				GCC_WARN_UNDECLARED_SELECTOR = YES;
				GCC_WARN_UNINITIALIZED_AUTOS = YES_AGGRESSIVE;
				GCC_WARN_UNUSED_FUNCTION = YES;
				GCC_WARN_UNUSED_VARIABLE = YES;
				IPHONEOS_DEPLOYMENT_TARGET = 16.2;
				MTL_ENABLE_DEBUG_INFO = INCLUDE_SOURCE;
				MTL_FAST_MATH = YES;
				ONLY_ACTIVE_ARCH = YES;
				SDKROOT = iphoneos;
				SWIFT_ACTIVE_COMPILATION_CONDITIONS = DEBUG;
				SWIFT_OPTIMIZATION_LEVEL = "-Onone";
			};
			name = Debug;
		};
		576C0DF3298ACAB400485AD5 /* Release */ = {
			isa = XCBuildConfiguration;
			buildSettings = {
				ALWAYS_SEARCH_USER_PATHS = NO;
				CLANG_ANALYZER_NONNULL = YES;
				CLANG_ANALYZER_NUMBER_OBJECT_CONVERSION = YES_AGGRESSIVE;
				CLANG_CXX_LANGUAGE_STANDARD = "gnu++20";
				CLANG_ENABLE_MODULES = YES;
				CLANG_ENABLE_OBJC_ARC = YES;
				CLANG_ENABLE_OBJC_WEAK = YES;
				CLANG_WARN_BLOCK_CAPTURE_AUTORELEASING = YES;
				CLANG_WARN_BOOL_CONVERSION = YES;
				CLANG_WARN_COMMA = YES;
				CLANG_WARN_CONSTANT_CONVERSION = YES;
				CLANG_WARN_DEPRECATED_OBJC_IMPLEMENTATIONS = YES;
				CLANG_WARN_DIRECT_OBJC_ISA_USAGE = YES_ERROR;
				CLANG_WARN_DOCUMENTATION_COMMENTS = YES;
				CLANG_WARN_EMPTY_BODY = YES;
				CLANG_WARN_ENUM_CONVERSION = YES;
				CLANG_WARN_INFINITE_RECURSION = YES;
				CLANG_WARN_INT_CONVERSION = YES;
				CLANG_WARN_NON_LITERAL_NULL_CONVERSION = YES;
				CLANG_WARN_OBJC_IMPLICIT_RETAIN_SELF = YES;
				CLANG_WARN_OBJC_LITERAL_CONVERSION = YES;
				CLANG_WARN_OBJC_ROOT_CLASS = YES_ERROR;
				CLANG_WARN_QUOTED_INCLUDE_IN_FRAMEWORK_HEADER = YES;
				CLANG_WARN_RANGE_LOOP_ANALYSIS = YES;
				CLANG_WARN_STRICT_PROTOTYPES = YES;
				CLANG_WARN_SUSPICIOUS_MOVE = YES;
				CLANG_WARN_UNGUARDED_AVAILABILITY = YES_AGGRESSIVE;
				CLANG_WARN_UNREACHABLE_CODE = YES;
				CLANG_WARN__DUPLICATE_METHOD_MATCH = YES;
				COPY_PHASE_STRIP = NO;
				DEBUG_INFORMATION_FORMAT = "dwarf-with-dsym";
				ENABLE_NS_ASSERTIONS = NO;
				ENABLE_STRICT_OBJC_MSGSEND = YES;
				GCC_C_LANGUAGE_STANDARD = gnu11;
				GCC_NO_COMMON_BLOCKS = YES;
				GCC_WARN_64_TO_32_BIT_CONVERSION = YES;
				GCC_WARN_ABOUT_RETURN_TYPE = YES_ERROR;
				GCC_WARN_UNDECLARED_SELECTOR = YES;
				GCC_WARN_UNINITIALIZED_AUTOS = YES_AGGRESSIVE;
				GCC_WARN_UNUSED_FUNCTION = YES;
				GCC_WARN_UNUSED_VARIABLE = YES;
				IPHONEOS_DEPLOYMENT_TARGET = 16.2;
				MTL_ENABLE_DEBUG_INFO = NO;
				MTL_FAST_MATH = YES;
				SDKROOT = iphoneos;
				SWIFT_COMPILATION_MODE = wholemodule;
				SWIFT_OPTIMIZATION_LEVEL = "-O";
				VALIDATE_PRODUCT = YES;
			};
			name = Release;
		};
		576C0DF5298ACAB400485AD5 /* Debug */ = {
			isa = XCBuildConfiguration;
			baseConfigurationReference = 4F671F28F8A304E80430BB26 /* Pods-Netwalk-iOS.debug.xcconfig */;
			buildSettings = {
				ASSETCATALOG_COMPILER_APPICON_NAME = AppIcon;
				ASSETCATALOG_COMPILER_GLOBAL_ACCENT_COLOR_NAME = AccentColor;
				CODE_SIGN_STYLE = Automatic;
				CURRENT_PROJECT_VERSION = 1;
				DEVELOPMENT_TEAM = 5DFZR8RCQR;
				GENERATE_INFOPLIST_FILE = YES;
				INFOPLIST_FILE = "Netwalk-iOS/Info.plist";
				INFOPLIST_KEY_NSCameraUsageDescription = "카메라 접근을 허용하시겠습니까?";
				INFOPLIST_KEY_NSLocationWhenInUseUsageDescription = "위치 정보 제공을 허용하시겠습니까?";
				INFOPLIST_KEY_UIApplicationSupportsIndirectInputEvents = YES;
				INFOPLIST_KEY_UILaunchStoryboardName = LaunchScreen;
				INFOPLIST_KEY_UIMainStoryboardFile = Main;
				INFOPLIST_KEY_UISupportedInterfaceOrientations_iPad = "UIInterfaceOrientationPortrait UIInterfaceOrientationPortraitUpsideDown UIInterfaceOrientationLandscapeLeft UIInterfaceOrientationLandscapeRight";
				INFOPLIST_KEY_UISupportedInterfaceOrientations_iPhone = "UIInterfaceOrientationPortrait UIInterfaceOrientationLandscapeLeft UIInterfaceOrientationLandscapeRight";
				LD_RUNPATH_SEARCH_PATHS = (
					"$(inherited)",
					"@executable_path/Frameworks",
				);
				MARKETING_VERSION = 1.0;
				PRODUCT_BUNDLE_IDENTIFIER = "com.challenge.solution.google.Netwalk-iOS";
				PRODUCT_NAME = "$(TARGET_NAME)";
				SWIFT_EMIT_LOC_STRINGS = YES;
				SWIFT_VERSION = 5.0;
				TARGETED_DEVICE_FAMILY = "1,2";
			};
			name = Debug;
		};
		576C0DF6298ACAB400485AD5 /* Release */ = {
			isa = XCBuildConfiguration;
			baseConfigurationReference = 277EA68E255120B0DBC71666 /* Pods-Netwalk-iOS.release.xcconfig */;
			buildSettings = {
				ASSETCATALOG_COMPILER_APPICON_NAME = AppIcon;
				ASSETCATALOG_COMPILER_GLOBAL_ACCENT_COLOR_NAME = AccentColor;
				CODE_SIGN_STYLE = Automatic;
				CURRENT_PROJECT_VERSION = 1;
				DEVELOPMENT_TEAM = 5DFZR8RCQR;
				GENERATE_INFOPLIST_FILE = YES;
				INFOPLIST_FILE = "Netwalk-iOS/Info.plist";
				INFOPLIST_KEY_NSCameraUsageDescription = "카메라 접근을 허용하시겠습니까?";
				INFOPLIST_KEY_NSLocationWhenInUseUsageDescription = "위치 정보 제공을 허용하시겠습니까?";
				INFOPLIST_KEY_UIApplicationSupportsIndirectInputEvents = YES;
				INFOPLIST_KEY_UILaunchStoryboardName = LaunchScreen;
				INFOPLIST_KEY_UIMainStoryboardFile = Main;
				INFOPLIST_KEY_UISupportedInterfaceOrientations_iPad = "UIInterfaceOrientationPortrait UIInterfaceOrientationPortraitUpsideDown UIInterfaceOrientationLandscapeLeft UIInterfaceOrientationLandscapeRight";
				INFOPLIST_KEY_UISupportedInterfaceOrientations_iPhone = "UIInterfaceOrientationPortrait UIInterfaceOrientationLandscapeLeft UIInterfaceOrientationLandscapeRight";
				LD_RUNPATH_SEARCH_PATHS = (
					"$(inherited)",
					"@executable_path/Frameworks",
				);
				MARKETING_VERSION = 1.0;
				PRODUCT_BUNDLE_IDENTIFIER = "com.challenge.solution.google.Netwalk-iOS";
				PRODUCT_NAME = "$(TARGET_NAME)";
				SWIFT_EMIT_LOC_STRINGS = YES;
				SWIFT_VERSION = 5.0;
				TARGETED_DEVICE_FAMILY = "1,2";
			};
			name = Release;
		};
/* End XCBuildConfiguration section */

/* Begin XCConfigurationList section */
		576C0DDB298ACAB300485AD5 /* Build configuration list for PBXProject "Netwalk-iOS" */ = {
			isa = XCConfigurationList;
			buildConfigurations = (
				576C0DF2298ACAB400485AD5 /* Debug */,
				576C0DF3298ACAB400485AD5 /* Release */,
			);
			defaultConfigurationIsVisible = 0;
			defaultConfigurationName = Release;
		};
		576C0DF4298ACAB400485AD5 /* Build configuration list for PBXNativeTarget "Netwalk-iOS" */ = {
			isa = XCConfigurationList;
			buildConfigurations = (
				576C0DF5298ACAB400485AD5 /* Debug */,
				576C0DF6298ACAB400485AD5 /* Release */,
			);
			defaultConfigurationIsVisible = 0;
			defaultConfigurationName = Release;
		};
/* End XCConfigurationList section */
	};
	rootObject = 576C0DD8298ACAB300485AD5 /* Project object */;
}
