// !$*UTF8*$!
{
	archiveVersion = 1;
	classes = {
	};
	objectVersion = 56;
	objects = {

/* Begin PBXBuildFile section */
		576B64B42997B382002609FA /* GoogleMapsNetManager.swift in Sources */ = {isa = PBXBuildFile; fileRef = 576B64B32997B382002609FA /* GoogleMapsNetManager.swift */; };
		576B64B72997B7A6002609FA /* DistanceMatrix.swift in Sources */ = {isa = PBXBuildFile; fileRef = 576B64B62997B7A6002609FA /* DistanceMatrix.swift */; };
		576C0DE4298ACAB300485AD5 /* AppDelegate.swift in Sources */ = {isa = PBXBuildFile; fileRef = 576C0DE3298ACAB300485AD5 /* AppDelegate.swift */; };
		576C0DE6298ACAB300485AD5 /* SceneDelegate.swift in Sources */ = {isa = PBXBuildFile; fileRef = 576C0DE5298ACAB300485AD5 /* SceneDelegate.swift */; };
		576C0DEB298ACAB300485AD5 /* Main.storyboard in Resources */ = {isa = PBXBuildFile; fileRef = 576C0DE9298ACAB300485AD5 /* Main.storyboard */; };
		576C0DED298ACAB400485AD5 /* Assets.xcassets in Resources */ = {isa = PBXBuildFile; fileRef = 576C0DEC298ACAB400485AD5 /* Assets.xcassets */; };
		576C0DF0298ACAB400485AD5 /* LaunchScreen.storyboard in Resources */ = {isa = PBXBuildFile; fileRef = 576C0DEE298ACAB400485AD5 /* LaunchScreen.storyboard */; };
		576C0DFB298ACE9C00485AD5 /* Bundle+Ext.swift in Sources */ = {isa = PBXBuildFile; fileRef = 576C0DFA298ACE9C00485AD5 /* Bundle+Ext.swift */; };
		576C0DFD298ACF7100485AD5 /* GoogleService-Info.plist in Resources */ = {isa = PBXBuildFile; fileRef = 576C0DFC298ACF7100485AD5 /* GoogleService-Info.plist */; };
		576C0E02298AD07000485AD5 /* LoginViewController.swift in Sources */ = {isa = PBXBuildFile; fileRef = 576C0E01298AD07000485AD5 /* LoginViewController.swift */; };
		5789E39C29930CF1009927F8 /* BodyCollectionViewCell.swift in Sources */ = {isa = PBXBuildFile; fileRef = 5789E39A29930CF1009927F8 /* BodyCollectionViewCell.swift */; };
		5789E39D29930CF1009927F8 /* BodyCollectionViewCell.xib in Resources */ = {isa = PBXBuildFile; fileRef = 5789E39B29930CF1009927F8 /* BodyCollectionViewCell.xib */; };
		57D88FD3298AD2AF00C33F29 /* TabBarController.swift in Sources */ = {isa = PBXBuildFile; fileRef = 57D88FD2298AD2AF00C33F29 /* TabBarController.swift */; };
		57D88FD6298AD2ED00C33F29 /* ExampleNavigationController.swift in Sources */ = {isa = PBXBuildFile; fileRef = 57D88FD5298AD2ED00C33F29 /* ExampleNavigationController.swift */; };
		57D88FD8298AD30F00C33F29 /* ExampleIrregularityBasicContentView.swift in Sources */ = {isa = PBXBuildFile; fileRef = 57D88FD7298AD30F00C33F29 /* ExampleIrregularityBasicContentView.swift */; };
		57D88FDA298AD32800C33F29 /* ExampleBouncesContentView.swift in Sources */ = {isa = PBXBuildFile; fileRef = 57D88FD9298AD32800C33F29 /* ExampleBouncesContentView.swift */; };
		57D88FDC298AD33F00C33F29 /* ExampleBasicContentView.swift in Sources */ = {isa = PBXBuildFile; fileRef = 57D88FDB298AD33F00C33F29 /* ExampleBasicContentView.swift */; };
		57D88FDE298AD41B00C33F29 /* GroupViewController.swift in Sources */ = {isa = PBXBuildFile; fileRef = 57D88FDD298AD41B00C33F29 /* GroupViewController.swift */; };
		57D88FE0298AD42200C33F29 /* ReviewViewController.swift in Sources */ = {isa = PBXBuildFile; fileRef = 57D88FDF298AD42200C33F29 /* ReviewViewController.swift */; };
		57D88FE2298AD42C00C33F29 /* PloggingViewController.swift in Sources */ = {isa = PBXBuildFile; fileRef = 57D88FE1298AD42C00C33F29 /* PloggingViewController.swift */; };
		57D88FE4298AD43500C33F29 /* RankingViewController.swift in Sources */ = {isa = PBXBuildFile; fileRef = 57D88FE3298AD43500C33F29 /* RankingViewController.swift */; };
		57D88FE6298AD44000C33F29 /* ProfileViewController.swift in Sources */ = {isa = PBXBuildFile; fileRef = 57D88FE5298AD44000C33F29 /* ProfileViewController.swift */; };
		57E4FD9929927CC100C8E082 /* TrashAlbumViewController.swift in Sources */ = {isa = PBXBuildFile; fileRef = 57E4FD9829927CC100C8E082 /* TrashAlbumViewController.swift */; };
		57E4FD9D299288C900C8E082 /* TrashCategoryTableViewCell.swift in Sources */ = {isa = PBXBuildFile; fileRef = 57E4FD9B299288C900C8E082 /* TrashCategoryTableViewCell.swift */; };
		57E4FD9E299288C900C8E082 /* TrashCategoryTableViewCell.xib in Resources */ = {isa = PBXBuildFile; fileRef = 57E4FD9C299288C900C8E082 /* TrashCategoryTableViewCell.xib */; };
		57E4FDA129928AEE00C8E082 /* TrashPhotoTableViewCell.swift in Sources */ = {isa = PBXBuildFile; fileRef = 57E4FD9F29928AEE00C8E082 /* TrashPhotoTableViewCell.swift */; };
		57E4FDA229928AEE00C8E082 /* TrashPhotoTableViewCell.xib in Resources */ = {isa = PBXBuildFile; fileRef = 57E4FDA029928AEE00C8E082 /* TrashPhotoTableViewCell.xib */; };
		57E4FDA5299298A000C8E082 /* TrashPhotoCollectionViewCell.swift in Sources */ = {isa = PBXBuildFile; fileRef = 57E4FDA3299298A000C8E082 /* TrashPhotoCollectionViewCell.swift */; };
		57E4FDA6299298A000C8E082 /* TrashPhotoCollectionViewCell.xib in Resources */ = {isa = PBXBuildFile; fileRef = 57E4FDA4299298A000C8E082 /* TrashPhotoCollectionViewCell.xib */; };
		57E4FDAE2993061A00C8E082 /* HeaderCollectionReusableView.swift in Sources */ = {isa = PBXBuildFile; fileRef = 57E4FDAC2993061A00C8E082 /* HeaderCollectionReusableView.swift */; };
		57E4FDAF2993061A00C8E082 /* HeaderCollectionReusableView.xib in Resources */ = {isa = PBXBuildFile; fileRef = 57E4FDAD2993061A00C8E082 /* HeaderCollectionReusableView.xib */; };
		57E4FDB22993086300C8E082 /* ActivateGroupsViewController.swift in Sources */ = {isa = PBXBuildFile; fileRef = 57E4FDB12993086300C8E082 /* ActivateGroupsViewController.swift */; };
		7AA3F62EF603725162AB6B74 /* Pods_Netwalk_iOS.framework in Frameworks */ = {isa = PBXBuildFile; fileRef = 5ABBF463B755262834113F11 /* Pods_Netwalk_iOS.framework */; };
		952CB78D2997BA8700173BA3 /* SecretKey.plist in Resources */ = {isa = PBXBuildFile; fileRef = 952CB78C2997BA8700173BA3 /* SecretKey.plist */; };
		95A503FC299A13100022B3DE /* NewGroupViewController.swift in Sources */ = {isa = PBXBuildFile; fileRef = 95A503FB299A13100022B3DE /* NewGroupViewController.swift */; };
		95BDB99F299A0474003680EE /* myGroupTableViewCell.swift in Sources */ = {isa = PBXBuildFile; fileRef = 95BDB99D299A0474003680EE /* myGroupTableViewCell.swift */; };
		95BDB9A0299A0474003680EE /* myGroupTableViewCell.xib in Resources */ = {isa = PBXBuildFile; fileRef = 95BDB99E299A0474003680EE /* myGroupTableViewCell.xib */; };
/* End PBXBuildFile section */

/* Begin PBXFileReference section */
		277EA68E255120B0DBC71666 /* Pods-Netwalk-iOS.release.xcconfig */ = {isa = PBXFileReference; includeInIndex = 1; lastKnownFileType = text.xcconfig; name = "Pods-Netwalk-iOS.release.xcconfig"; path = "Target Support Files/Pods-Netwalk-iOS/Pods-Netwalk-iOS.release.xcconfig"; sourceTree = "<group>"; };
		4F671F28F8A304E80430BB26 /* Pods-Netwalk-iOS.debug.xcconfig */ = {isa = PBXFileReference; includeInIndex = 1; lastKnownFileType = text.xcconfig; name = "Pods-Netwalk-iOS.debug.xcconfig"; path = "Target Support Files/Pods-Netwalk-iOS/Pods-Netwalk-iOS.debug.xcconfig"; sourceTree = "<group>"; };
		576B64B32997B382002609FA /* GoogleMapsNetManager.swift */ = {isa = PBXFileReference; lastKnownFileType = sourcecode.swift; path = GoogleMapsNetManager.swift; sourceTree = "<group>"; };
		576B64B62997B7A6002609FA /* DistanceMatrix.swift */ = {isa = PBXFileReference; lastKnownFileType = sourcecode.swift; path = DistanceMatrix.swift; sourceTree = "<group>"; };
		576C0DE0298ACAB300485AD5 /* Netwalk-iOS.app */ = {isa = PBXFileReference; explicitFileType = wrapper.application; includeInIndex = 0; path = "Netwalk-iOS.app"; sourceTree = BUILT_PRODUCTS_DIR; };
		576C0DE3298ACAB300485AD5 /* AppDelegate.swift */ = {isa = PBXFileReference; lastKnownFileType = sourcecode.swift; path = AppDelegate.swift; sourceTree = "<group>"; };
		576C0DE5298ACAB300485AD5 /* SceneDelegate.swift */ = {isa = PBXFileReference; lastKnownFileType = sourcecode.swift; path = SceneDelegate.swift; sourceTree = "<group>"; };
		576C0DEA298ACAB300485AD5 /* Base */ = {isa = PBXFileReference; lastKnownFileType = file.storyboard; name = Base; path = Base.lproj/Main.storyboard; sourceTree = "<group>"; };
		576C0DEC298ACAB400485AD5 /* Assets.xcassets */ = {isa = PBXFileReference; lastKnownFileType = folder.assetcatalog; path = Assets.xcassets; sourceTree = "<group>"; };
		576C0DEF298ACAB400485AD5 /* Base */ = {isa = PBXFileReference; lastKnownFileType = file.storyboard; name = Base; path = Base.lproj/LaunchScreen.storyboard; sourceTree = "<group>"; };
		576C0DF1298ACAB400485AD5 /* Info.plist */ = {isa = PBXFileReference; lastKnownFileType = text.plist.xml; path = Info.plist; sourceTree = "<group>"; };
		576C0DFA298ACE9C00485AD5 /* Bundle+Ext.swift */ = {isa = PBXFileReference; lastKnownFileType = sourcecode.swift; path = "Bundle+Ext.swift"; sourceTree = "<group>"; };
		576C0DFC298ACF7100485AD5 /* GoogleService-Info.plist */ = {isa = PBXFileReference; fileEncoding = 4; lastKnownFileType = text.plist.xml; path = "GoogleService-Info.plist"; sourceTree = "<group>"; };
		576C0E01298AD07000485AD5 /* LoginViewController.swift */ = {isa = PBXFileReference; lastKnownFileType = sourcecode.swift; path = LoginViewController.swift; sourceTree = "<group>"; };
		5789E39A29930CF1009927F8 /* BodyCollectionViewCell.swift */ = {isa = PBXFileReference; lastKnownFileType = sourcecode.swift; path = BodyCollectionViewCell.swift; sourceTree = "<group>"; };
		5789E39B29930CF1009927F8 /* BodyCollectionViewCell.xib */ = {isa = PBXFileReference; lastKnownFileType = file.xib; path = BodyCollectionViewCell.xib; sourceTree = "<group>"; };
		57D88FD2298AD2AF00C33F29 /* TabBarController.swift */ = {isa = PBXFileReference; lastKnownFileType = sourcecode.swift; path = TabBarController.swift; sourceTree = "<group>"; };
		57D88FD5298AD2ED00C33F29 /* ExampleNavigationController.swift */ = {isa = PBXFileReference; lastKnownFileType = sourcecode.swift; path = ExampleNavigationController.swift; sourceTree = "<group>"; };
		57D88FD7298AD30F00C33F29 /* ExampleIrregularityBasicContentView.swift */ = {isa = PBXFileReference; lastKnownFileType = sourcecode.swift; path = ExampleIrregularityBasicContentView.swift; sourceTree = "<group>"; };
		57D88FD9298AD32800C33F29 /* ExampleBouncesContentView.swift */ = {isa = PBXFileReference; lastKnownFileType = sourcecode.swift; path = ExampleBouncesContentView.swift; sourceTree = "<group>"; };
		57D88FDB298AD33F00C33F29 /* ExampleBasicContentView.swift */ = {isa = PBXFileReference; lastKnownFileType = sourcecode.swift; path = ExampleBasicContentView.swift; sourceTree = "<group>"; };
		57D88FDD298AD41B00C33F29 /* GroupViewController.swift */ = {isa = PBXFileReference; lastKnownFileType = sourcecode.swift; path = GroupViewController.swift; sourceTree = "<group>"; };
		57D88FDF298AD42200C33F29 /* ReviewViewController.swift */ = {isa = PBXFileReference; lastKnownFileType = sourcecode.swift; path = ReviewViewController.swift; sourceTree = "<group>"; };
		57D88FE1298AD42C00C33F29 /* PloggingViewController.swift */ = {isa = PBXFileReference; lastKnownFileType = sourcecode.swift; path = PloggingViewController.swift; sourceTree = "<group>"; };
		57D88FE3298AD43500C33F29 /* RankingViewController.swift */ = {isa = PBXFileReference; lastKnownFileType = sourcecode.swift; path = RankingViewController.swift; sourceTree = "<group>"; };
		57D88FE5298AD44000C33F29 /* ProfileViewController.swift */ = {isa = PBXFileReference; lastKnownFileType = sourcecode.swift; path = ProfileViewController.swift; sourceTree = "<group>"; };
		57E4FD9829927CC100C8E082 /* TrashAlbumViewController.swift */ = {isa = PBXFileReference; lastKnownFileType = sourcecode.swift; path = TrashAlbumViewController.swift; sourceTree = "<group>"; };
		57E4FD9B299288C900C8E082 /* TrashCategoryTableViewCell.swift */ = {isa = PBXFileReference; lastKnownFileType = sourcecode.swift; path = TrashCategoryTableViewCell.swift; sourceTree = "<group>"; };
		57E4FD9C299288C900C8E082 /* TrashCategoryTableViewCell.xib */ = {isa = PBXFileReference; lastKnownFileType = file.xib; path = TrashCategoryTableViewCell.xib; sourceTree = "<group>"; };
		57E4FD9F29928AEE00C8E082 /* TrashPhotoTableViewCell.swift */ = {isa = PBXFileReference; lastKnownFileType = sourcecode.swift; path = TrashPhotoTableViewCell.swift; sourceTree = "<group>"; };
		57E4FDA029928AEE00C8E082 /* TrashPhotoTableViewCell.xib */ = {isa = PBXFileReference; lastKnownFileType = file.xib; path = TrashPhotoTableViewCell.xib; sourceTree = "<group>"; };
		57E4FDA3299298A000C8E082 /* TrashPhotoCollectionViewCell.swift */ = {isa = PBXFileReference; lastKnownFileType = sourcecode.swift; path = TrashPhotoCollectionViewCell.swift; sourceTree = "<group>"; };
		57E4FDA4299298A000C8E082 /* TrashPhotoCollectionViewCell.xib */ = {isa = PBXFileReference; lastKnownFileType = file.xib; path = TrashPhotoCollectionViewCell.xib; sourceTree = "<group>"; };
		57E4FDAC2993061A00C8E082 /* HeaderCollectionReusableView.swift */ = {isa = PBXFileReference; lastKnownFileType = sourcecode.swift; path = HeaderCollectionReusableView.swift; sourceTree = "<group>"; };
		57E4FDAD2993061A00C8E082 /* HeaderCollectionReusableView.xib */ = {isa = PBXFileReference; lastKnownFileType = file.xib; path = HeaderCollectionReusableView.xib; sourceTree = "<group>"; };
		57E4FDB12993086300C8E082 /* ActivateGroupsViewController.swift */ = {isa = PBXFileReference; lastKnownFileType = sourcecode.swift; path = ActivateGroupsViewController.swift; sourceTree = "<group>"; };
		5ABBF463B755262834113F11 /* Pods_Netwalk_iOS.framework */ = {isa = PBXFileReference; explicitFileType = wrapper.framework; includeInIndex = 0; path = Pods_Netwalk_iOS.framework; sourceTree = BUILT_PRODUCTS_DIR; };
		952CB78C2997BA8700173BA3 /* SecretKey.plist */ = {isa = PBXFileReference; lastKnownFileType = text.plist.xml; path = SecretKey.plist; sourceTree = "<group>"; };
		95A503FB299A13100022B3DE /* NewGroupViewController.swift */ = {isa = PBXFileReference; lastKnownFileType = sourcecode.swift; path = NewGroupViewController.swift; sourceTree = "<group>"; };
		95BDB99D299A0474003680EE /* myGroupTableViewCell.swift */ = {isa = PBXFileReference; lastKnownFileType = sourcecode.swift; name = myGroupTableViewCell.swift; path = "Netwalk-iOS/MyGroupTableViewCell/myGroupTableViewCell.swift"; sourceTree = SOURCE_ROOT; };
		95BDB99E299A0474003680EE /* myGroupTableViewCell.xib */ = {isa = PBXFileReference; lastKnownFileType = file.xib; name = myGroupTableViewCell.xib; path = "Netwalk-iOS/MyGroupTableViewCell/myGroupTableViewCell.xib"; sourceTree = SOURCE_ROOT; };
/* End PBXFileReference section */

/* Begin PBXFrameworksBuildPhase section */
		576C0DDD298ACAB300485AD5 /* Frameworks */ = {
			isa = PBXFrameworksBuildPhase;
			buildActionMask = 2147483647;
			files = (
				7AA3F62EF603725162AB6B74 /* Pods_Netwalk_iOS.framework in Frameworks */,
			);
			runOnlyForDeploymentPostprocessing = 0;
		};
/* End PBXFrameworksBuildPhase section */

/* Begin PBXGroup section */
		576B64B22997B27E002609FA /* Networking */ = {
			isa = PBXGroup;
			children = (
				576B64B32997B382002609FA /* GoogleMapsNetManager.swift */,
			);
			path = Networking;
			sourceTree = "<group>";
		};
		576B64B52997B658002609FA /* Models */ = {
			isa = PBXGroup;
			children = (
				576B64B62997B7A6002609FA /* DistanceMatrix.swift */,
			);
			path = Models;
			sourceTree = "<group>";
		};
		576C0DD7298ACAB300485AD5 = {
			isa = PBXGroup;
			children = (
				576C0DE2298ACAB300485AD5 /* Netwalk-iOS */,
				576C0DE1298ACAB300485AD5 /* Products */,
				ED93471A6FE4872BCA376455 /* Pods */,
				6A7398B2DB305C1B1D15B3FB /* Frameworks */,
			);
			sourceTree = "<group>";
		};
		576C0DE1298ACAB300485AD5 /* Products */ = {
			isa = PBXGroup;
			children = (
				576C0DE0298ACAB300485AD5 /* Netwalk-iOS.app */,
			);
			name = Products;
			sourceTree = "<group>";
		};
		576C0DE2298ACAB300485AD5 /* Netwalk-iOS */ = {
			isa = PBXGroup;
			children = (
				576C0DE3298ACAB300485AD5 /* AppDelegate.swift */,
				576C0DE5298ACAB300485AD5 /* SceneDelegate.swift */,
				576C0E00298ACFF800485AD5 /* Sources */,
				576C0DF9298ACE8500485AD5 /* Extensions */,
				576B64B22997B27E002609FA /* Networking */,
				576B64B52997B658002609FA /* Models */,
				576C0DFF298ACFF200485AD5 /* Views */,
				576C0DFE298ACFED00485AD5 /* Controllers */,
				576C0DE9298ACAB300485AD5 /* Main.storyboard */,
				576C0DEC298ACAB400485AD5 /* Assets.xcassets */,
				576C0DEE298ACAB400485AD5 /* LaunchScreen.storyboard */,
				576C0DF1298ACAB400485AD5 /* Info.plist */,
				576C0DFC298ACF7100485AD5 /* GoogleService-Info.plist */,
				952CB78C2997BA8700173BA3 /* SecretKey.plist */,
			);
			path = "Netwalk-iOS";
			sourceTree = "<group>";
		};
		576C0DF9298ACE8500485AD5 /* Extensions */ = {
			isa = PBXGroup;
			children = (
				576C0DFA298ACE9C00485AD5 /* Bundle+Ext.swift */,
			);
			path = Extensions;
			sourceTree = "<group>";
		};
		576C0DFE298ACFED00485AD5 /* Controllers */ = {
			isa = PBXGroup;
			children = (
				95BDB9A1299A0FE0003680EE /* Group */,
				57E4FDB0299307FD00C8E082 /* Plogging */,
				57D88FD2298AD2AF00C33F29 /* TabBarController.swift */,
				576C0E01298AD07000485AD5 /* LoginViewController.swift */,
				57D88FDF298AD42200C33F29 /* ReviewViewController.swift */,
				57D88FE3298AD43500C33F29 /* RankingViewController.swift */,
				57D88FE5298AD44000C33F29 /* ProfileViewController.swift */,
				57E4FD9829927CC100C8E082 /* TrashAlbumViewController.swift */,
				95BDB99D299A0474003680EE /* myGroupTableViewCell.swift */,
				95BDB99E299A0474003680EE /* myGroupTableViewCell.xib */,
			);
			path = Controllers;
			sourceTree = "<group>";
		};
		576C0DFF298ACFF200485AD5 /* Views */ = {
			isa = PBXGroup;
			children = (
				57E4FDA7299301EE00C8E082 /* Group */,
				57E4FD9A299287DD00C8E082 /* Trash */,
			);
			path = Views;
			sourceTree = "<group>";
		};
		576C0E00298ACFF800485AD5 /* Sources */ = {
			isa = PBXGroup;
			children = (
				57D88FD4298AD2BA00C33F29 /* ESTabBar */,
			);
			path = Sources;
			sourceTree = "<group>";
		};
		57D88FD4298AD2BA00C33F29 /* ESTabBar */ = {
			isa = PBXGroup;
			children = (
				57D88FD5298AD2ED00C33F29 /* ExampleNavigationController.swift */,
				57D88FD7298AD30F00C33F29 /* ExampleIrregularityBasicContentView.swift */,
				57D88FD9298AD32800C33F29 /* ExampleBouncesContentView.swift */,
				57D88FDB298AD33F00C33F29 /* ExampleBasicContentView.swift */,
			);
			path = ESTabBar;
			sourceTree = "<group>";
		};
		57E4FD9A299287DD00C8E082 /* Trash */ = {
			isa = PBXGroup;
			children = (
				57E4FD9B299288C900C8E082 /* TrashCategoryTableViewCell.swift */,
				57E4FD9C299288C900C8E082 /* TrashCategoryTableViewCell.xib */,
				57E4FD9F29928AEE00C8E082 /* TrashPhotoTableViewCell.swift */,
				57E4FDA029928AEE00C8E082 /* TrashPhotoTableViewCell.xib */,
				57E4FDA3299298A000C8E082 /* TrashPhotoCollectionViewCell.swift */,
				57E4FDA4299298A000C8E082 /* TrashPhotoCollectionViewCell.xib */,
			);
			path = Trash;
			sourceTree = "<group>";
		};
		57E4FDA7299301EE00C8E082 /* Group */ = {
			isa = PBXGroup;
			children = (
				57E4FDAC2993061A00C8E082 /* HeaderCollectionReusableView.swift */,
				57E4FDAD2993061A00C8E082 /* HeaderCollectionReusableView.xib */,
				5789E39A29930CF1009927F8 /* BodyCollectionViewCell.swift */,
				5789E39B29930CF1009927F8 /* BodyCollectionViewCell.xib */,
			);
			path = Group;
			sourceTree = "<group>";
		};
		57E4FDB0299307FD00C8E082 /* Plogging */ = {
			isa = PBXGroup;
			children = (
				57D88FE1298AD42C00C33F29 /* PloggingViewController.swift */,
				57E4FDB12993086300C8E082 /* ActivateGroupsViewController.swift */,
			);
			path = Plogging;
			sourceTree = "<group>";
		};
		6A7398B2DB305C1B1D15B3FB /* Frameworks */ = {
			isa = PBXGroup;
			children = (
				5ABBF463B755262834113F11 /* Pods_Netwalk_iOS.framework */,
			);
			name = Frameworks;
			sourceTree = "<group>";
		};
		95BDB9A1299A0FE0003680EE /* Group */ = {
			isa = PBXGroup;
			children = (
				57D88FDD298AD41B00C33F29 /* GroupViewController.swift */,
				95A503FB299A13100022B3DE /* NewGroupViewController.swift */,
			);
			path = Group;
			sourceTree = "<group>";
		};
		ED93471A6FE4872BCA376455 /* Pods */ = {
			isa = PBXGroup;
			children = (
				4F671F28F8A304E80430BB26 /* Pods-Netwalk-iOS.debug.xcconfig */,
				277EA68E255120B0DBC71666 /* Pods-Netwalk-iOS.release.xcconfig */,
			);
			path = Pods;
			sourceTree = "<group>";
		};
/* End PBXGroup section */

/* Begin PBXNativeTarget section */
		576C0DDF298ACAB300485AD5 /* Netwalk-iOS */ = {
			isa = PBXNativeTarget;
			buildConfigurationList = 576C0DF4298ACAB400485AD5 /* Build configuration list for PBXNativeTarget "Netwalk-iOS" */;
			buildPhases = (
				C8E2E77CEA4139F088D2B424 /* [CP] Check Pods Manifest.lock */,
				576C0DDC298ACAB300485AD5 /* Sources */,
				576C0DDD298ACAB300485AD5 /* Frameworks */,
				576C0DDE298ACAB300485AD5 /* Resources */,
				5B967314334DC482809FB6C1 /* [CP] Embed Pods Frameworks */,
				7988CCD396E021E4ABC2F21A /* [CP] Copy Pods Resources */,
			);
			buildRules = (
			);
			dependencies = (
			);
			name = "Netwalk-iOS";
			productName = "Netwalk-iOS";
			productReference = 576C0DE0298ACAB300485AD5 /* Netwalk-iOS.app */;
			productType = "com.apple.product-type.application";
		};
/* End PBXNativeTarget section */

/* Begin PBXProject section */
		576C0DD8298ACAB300485AD5 /* Project object */ = {
			isa = PBXProject;
			attributes = {
				BuildIndependentTargetsInParallel = 1;
				LastSwiftUpdateCheck = 1420;
				LastUpgradeCheck = 1420;
				TargetAttributes = {
					576C0DDF298ACAB300485AD5 = {
						CreatedOnToolsVersion = 14.2;
					};
				};
			};
			buildConfigurationList = 576C0DDB298ACAB300485AD5 /* Build configuration list for PBXProject "Netwalk-iOS" */;
			compatibilityVersion = "Xcode 14.0";
			developmentRegion = en;
			hasScannedForEncodings = 0;
			knownRegions = (
				en,
				Base,
			);
			mainGroup = 576C0DD7298ACAB300485AD5;
			productRefGroup = 576C0DE1298ACAB300485AD5 /* Products */;
			projectDirPath = "";
			projectRoot = "";
			targets = (
				576C0DDF298ACAB300485AD5 /* Netwalk-iOS */,
			);
		};
/* End PBXProject section */

/* Begin PBXResourcesBuildPhase section */
		576C0DDE298ACAB300485AD5 /* Resources */ = {
			isa = PBXResourcesBuildPhase;
			buildActionMask = 2147483647;
			files = (
				5789E39D29930CF1009927F8 /* BodyCollectionViewCell.xib in Resources */,
				57E4FDA6299298A000C8E082 /* TrashPhotoCollectionViewCell.xib in Resources */,
				576C0DF0298ACAB400485AD5 /* LaunchScreen.storyboard in Resources */,
				952CB78D2997BA8700173BA3 /* SecretKey.plist in Resources */,
				57E4FDAF2993061A00C8E082 /* HeaderCollectionReusableView.xib in Resources */,
				95BDB9A0299A0474003680EE /* myGroupTableViewCell.xib in Resources */,
				57E4FDA229928AEE00C8E082 /* TrashPhotoTableViewCell.xib in Resources */,
				57E4FD9E299288C900C8E082 /* TrashCategoryTableViewCell.xib in Resources */,
				576C0DFD298ACF7100485AD5 /* GoogleService-Info.plist in Resources */,
				576C0DED298ACAB400485AD5 /* Assets.xcassets in Resources */,
				576C0DEB298ACAB300485AD5 /* Main.storyboard in Resources */,
			);
			runOnlyForDeploymentPostprocessing = 0;
		};
/* End PBXResourcesBuildPhase section */

/* Begin PBXShellScriptBuildPhase section */
		5B967314334DC482809FB6C1 /* [CP] Embed Pods Frameworks */ = {
			isa = PBXShellScriptBuildPhase;
			buildActionMask = 2147483647;
			files = (
			);
			inputFileListPaths = (
				"${PODS_ROOT}/Target Support Files/Pods-Netwalk-iOS/Pods-Netwalk-iOS-frameworks-${CONFIGURATION}-input-files.xcfilelist",
			);
			name = "[CP] Embed Pods Frameworks";
			outputFileListPaths = (
				"${PODS_ROOT}/Target Support Files/Pods-Netwalk-iOS/Pods-Netwalk-iOS-frameworks-${CONFIGURATION}-output-files.xcfilelist",
			);
			runOnlyForDeploymentPostprocessing = 0;
			shellPath = /bin/sh;
			shellScript = "\"${PODS_ROOT}/Target Support Files/Pods-Netwalk-iOS/Pods-Netwalk-iOS-frameworks.sh\"\n";
			showEnvVarsInLog = 0;
		};
		7988CCD396E021E4ABC2F21A /* [CP] Copy Pods Resources */ = {
			isa = PBXShellScriptBuildPhase;
			buildActionMask = 2147483647;
			files = (
			);
			inputFileListPaths = (
				"${PODS_ROOT}/Target Support Files/Pods-Netwalk-iOS/Pods-Netwalk-iOS-resources-${CONFIGURATION}-input-files.xcfilelist",
			);
			name = "[CP] Copy Pods Resources";
			outputFileListPaths = (
				"${PODS_ROOT}/Target Support Files/Pods-Netwalk-iOS/Pods-Netwalk-iOS-resources-${CONFIGURATION}-output-files.xcfilelist",
			);
			runOnlyForDeploymentPostprocessing = 0;
			shellPath = /bin/sh;
			shellScript = "\"${PODS_ROOT}/Target Support Files/Pods-Netwalk-iOS/Pods-Netwalk-iOS-resources.sh\"\n";
			showEnvVarsInLog = 0;
		};
		C8E2E77CEA4139F088D2B424 /* [CP] Check Pods Manifest.lock */ = {
			isa = PBXShellScriptBuildPhase;
			buildActionMask = 2147483647;
			files = (
			);
			inputFileListPaths = (
			);
			inputPaths = (
				"${PODS_PODFILE_DIR_PATH}/Podfile.lock",
				"${PODS_ROOT}/Manifest.lock",
			);
			name = "[CP] Check Pods Manifest.lock";
			outputFileListPaths = (
			);
			outputPaths = (
				"$(DERIVED_FILE_DIR)/Pods-Netwalk-iOS-checkManifestLockResult.txt",
			);
			runOnlyForDeploymentPostprocessing = 0;
			shellPath = /bin/sh;
			shellScript = "diff \"${PODS_PODFILE_DIR_PATH}/Podfile.lock\" \"${PODS_ROOT}/Manifest.lock\" > /dev/null\nif [ $? != 0 ] ; then\n    # print error to STDERR\n    echo \"error: The sandbox is not in sync with the Podfile.lock. Run 'pod install' or update your CocoaPods installation.\" >&2\n    exit 1\nfi\n# This output is used by Xcode 'outputs' to avoid re-running this script phase.\necho \"SUCCESS\" > \"${SCRIPT_OUTPUT_FILE_0}\"\n";
			showEnvVarsInLog = 0;
		};
/* End PBXShellScriptBuildPhase section */

/* Begin PBXSourcesBuildPhase section */
		576C0DDC298ACAB300485AD5 /* Sources */ = {
			isa = PBXSourcesBuildPhase;
			buildActionMask = 2147483647;
			files = (
				57D88FE2298AD42C00C33F29 /* PloggingViewController.swift in Sources */,
				57D88FDA298AD32800C33F29 /* ExampleBouncesContentView.swift in Sources */,
				57D88FE4298AD43500C33F29 /* RankingViewController.swift in Sources */,
				57D88FE0298AD42200C33F29 /* ReviewViewController.swift in Sources */,
				576C0DFB298ACE9C00485AD5 /* Bundle+Ext.swift in Sources */,
				576B64B42997B382002609FA /* GoogleMapsNetManager.swift in Sources */,
				57D88FDE298AD41B00C33F29 /* GroupViewController.swift in Sources */,
				576C0DE4298ACAB300485AD5 /* AppDelegate.swift in Sources */,
				57D88FD8298AD30F00C33F29 /* ExampleIrregularityBasicContentView.swift in Sources */,
				57D88FD6298AD2ED00C33F29 /* ExampleNavigationController.swift in Sources */,
				95A503FC299A13100022B3DE /* NewGroupViewController.swift in Sources */,
				57D88FDC298AD33F00C33F29 /* ExampleBasicContentView.swift in Sources */,
				95BDB99F299A0474003680EE /* myGroupTableViewCell.swift in Sources */,
				57E4FD9929927CC100C8E082 /* TrashAlbumViewController.swift in Sources */,
				576B64B72997B7A6002609FA /* DistanceMatrix.swift in Sources */,
				5789E39C29930CF1009927F8 /* BodyCollectionViewCell.swift in Sources */,
				57D88FD3298AD2AF00C33F29 /* TabBarController.swift in Sources */,
				57E4FDAE2993061A00C8E082 /* HeaderCollectionReusableView.swift in Sources */,
				57E4FDA5299298A000C8E082 /* TrashPhotoCollectionViewCell.swift in Sources */,
				57D88FE6298AD44000C33F29 /* ProfileViewController.swift in Sources */,
				576C0E02298AD07000485AD5 /* LoginViewController.swift in Sources */,
				576C0DE6298ACAB300485AD5 /* SceneDelegate.swift in Sources */,
				57E4FDB22993086300C8E082 /* ActivateGroupsViewController.swift in Sources */,
				57E4FD9D299288C900C8E082 /* TrashCategoryTableViewCell.swift in Sources */,
				57E4FDA129928AEE00C8E082 /* TrashPhotoTableViewCell.swift in Sources */,
			);
			runOnlyForDeploymentPostprocessing = 0;
		};
/* End PBXSourcesBuildPhase section */

/* Begin PBXVariantGroup section */
		576C0DE9298ACAB300485AD5 /* Main.storyboard */ = {
			isa = PBXVariantGroup;
			children = (
				576C0DEA298ACAB300485AD5 /* Base */,
			);
			name = Main.storyboard;
			sourceTree = "<group>";
		};
		576C0DEE298ACAB400485AD5 /* LaunchScreen.storyboard */ = {
			isa = PBXVariantGroup;
			children = (
				576C0DEF298ACAB400485AD5 /* Base */,
			);
			name = LaunchScreen.storyboard;
			sourceTree = "<group>";
		};
/* End PBXVariantGroup section */

/* Begin XCBuildConfiguration section */
		576C0DF2298ACAB400485AD5 /* Debug */ = {
			isa = XCBuildConfiguration;
			buildSettings = {
				ALWAYS_SEARCH_USER_PATHS = NO;
				CLANG_ANALYZER_NONNULL = YES;
				CLANG_ANALYZER_NUMBER_OBJECT_CONVERSION = YES_AGGRESSIVE;
				CLANG_CXX_LANGUAGE_STANDARD = "gnu++20";
				CLANG_ENABLE_MODULES = YES;
				CLANG_ENABLE_OBJC_ARC = YES;
				CLANG_ENABLE_OBJC_WEAK = YES;
				CLANG_WARN_BLOCK_CAPTURE_AUTORELEASING = YES;
				CLANG_WARN_BOOL_CONVERSION = YES;
				CLANG_WARN_COMMA = YES;
				CLANG_WARN_CONSTANT_CONVERSION = YES;
				CLANG_WARN_DEPRECATED_OBJC_IMPLEMENTATIONS = YES;
				CLANG_WARN_DIRECT_OBJC_ISA_USAGE = YES_ERROR;
				CLANG_WARN_DOCUMENTATION_COMMENTS = YES;
				CLANG_WARN_EMPTY_BODY = YES;
				CLANG_WARN_ENUM_CONVERSION = YES;
				CLANG_WARN_INFINITE_RECURSION = YES;
				CLANG_WARN_INT_CONVERSION = YES;
				CLANG_WARN_NON_LITERAL_NULL_CONVERSION = YES;
				CLANG_WARN_OBJC_IMPLICIT_RETAIN_SELF = YES;
				CLANG_WARN_OBJC_LITERAL_CONVERSION = YES;
				CLANG_WARN_OBJC_ROOT_CLASS = YES_ERROR;
				CLANG_WARN_QUOTED_INCLUDE_IN_FRAMEWORK_HEADER = YES;
				CLANG_WARN_RANGE_LOOP_ANALYSIS = YES;
				CLANG_WARN_STRICT_PROTOTYPES = YES;
				CLANG_WARN_SUSPICIOUS_MOVE = YES;
				CLANG_WARN_UNGUARDED_AVAILABILITY = YES_AGGRESSIVE;
				CLANG_WARN_UNREACHABLE_CODE = YES;
				CLANG_WARN__DUPLICATE_METHOD_MATCH = YES;
				COPY_PHASE_STRIP = NO;
				DEBUG_INFORMATION_FORMAT = dwarf;
				ENABLE_STRICT_OBJC_MSGSEND = YES;
				ENABLE_TESTABILITY = YES;
				GCC_C_LANGUAGE_STANDARD = gnu11;
				GCC_DYNAMIC_NO_PIC = NO;
				GCC_NO_COMMON_BLOCKS = YES;
				GCC_OPTIMIZATION_LEVEL = 0;
				GCC_PREPROCESSOR_DEFINITIONS = (
					"DEBUG=1",
					"$(inherited)",
				);
				GCC_WARN_64_TO_32_BIT_CONVERSION = YES;
				GCC_WARN_ABOUT_RETURN_TYPE = YES_ERROR;
				GCC_WARN_UNDECLARED_SELECTOR = YES;
				GCC_WARN_UNINITIALIZED_AUTOS = YES_AGGRESSIVE;
				GCC_WARN_UNUSED_FUNCTION = YES;
				GCC_WARN_UNUSED_VARIABLE = YES;
				IPHONEOS_DEPLOYMENT_TARGET = 16.2;
				MTL_ENABLE_DEBUG_INFO = INCLUDE_SOURCE;
				MTL_FAST_MATH = YES;
				ONLY_ACTIVE_ARCH = YES;
				SDKROOT = iphoneos;
				SWIFT_ACTIVE_COMPILATION_CONDITIONS = DEBUG;
				SWIFT_OPTIMIZATION_LEVEL = "-Onone";
			};
			name = Debug;
		};
		576C0DF3298ACAB400485AD5 /* Release */ = {
			isa = XCBuildConfiguration;
			buildSettings = {
				ALWAYS_SEARCH_USER_PATHS = NO;
				CLANG_ANALYZER_NONNULL = YES;
				CLANG_ANALYZER_NUMBER_OBJECT_CONVERSION = YES_AGGRESSIVE;
				CLANG_CXX_LANGUAGE_STANDARD = "gnu++20";
				CLANG_ENABLE_MODULES = YES;
				CLANG_ENABLE_OBJC_ARC = YES;
				CLANG_ENABLE_OBJC_WEAK = YES;
				CLANG_WARN_BLOCK_CAPTURE_AUTORELEASING = YES;
				CLANG_WARN_BOOL_CONVERSION = YES;
				CLANG_WARN_COMMA = YES;
				CLANG_WARN_CONSTANT_CONVERSION = YES;
				CLANG_WARN_DEPRECATED_OBJC_IMPLEMENTATIONS = YES;
				CLANG_WARN_DIRECT_OBJC_ISA_USAGE = YES_ERROR;
				CLANG_WARN_DOCUMENTATION_COMMENTS = YES;
				CLANG_WARN_EMPTY_BODY = YES;
				CLANG_WARN_ENUM_CONVERSION = YES;
				CLANG_WARN_INFINITE_RECURSION = YES;
				CLANG_WARN_INT_CONVERSION = YES;
				CLANG_WARN_NON_LITERAL_NULL_CONVERSION = YES;
				CLANG_WARN_OBJC_IMPLICIT_RETAIN_SELF = YES;
				CLANG_WARN_OBJC_LITERAL_CONVERSION = YES;
				CLANG_WARN_OBJC_ROOT_CLASS = YES_ERROR;
				CLANG_WARN_QUOTED_INCLUDE_IN_FRAMEWORK_HEADER = YES;
				CLANG_WARN_RANGE_LOOP_ANALYSIS = YES;
				CLANG_WARN_STRICT_PROTOTYPES = YES;
				CLANG_WARN_SUSPICIOUS_MOVE = YES;
				CLANG_WARN_UNGUARDED_AVAILABILITY = YES_AGGRESSIVE;
				CLANG_WARN_UNREACHABLE_CODE = YES;
				CLANG_WARN__DUPLICATE_METHOD_MATCH = YES;
				COPY_PHASE_STRIP = NO;
				DEBUG_INFORMATION_FORMAT = "dwarf-with-dsym";
				ENABLE_NS_ASSERTIONS = NO;
				ENABLE_STRICT_OBJC_MSGSEND = YES;
				GCC_C_LANGUAGE_STANDARD = gnu11;
				GCC_NO_COMMON_BLOCKS = YES;
				GCC_WARN_64_TO_32_BIT_CONVERSION = YES;
				GCC_WARN_ABOUT_RETURN_TYPE = YES_ERROR;
				GCC_WARN_UNDECLARED_SELECTOR = YES;
				GCC_WARN_UNINITIALIZED_AUTOS = YES_AGGRESSIVE;
				GCC_WARN_UNUSED_FUNCTION = YES;
				GCC_WARN_UNUSED_VARIABLE = YES;
				IPHONEOS_DEPLOYMENT_TARGET = 16.2;
				MTL_ENABLE_DEBUG_INFO = NO;
				MTL_FAST_MATH = YES;
				SDKROOT = iphoneos;
				SWIFT_COMPILATION_MODE = wholemodule;
				SWIFT_OPTIMIZATION_LEVEL = "-O";
				VALIDATE_PRODUCT = YES;
			};
			name = Release;
		};
		576C0DF5298ACAB400485AD5 /* Debug */ = {
			isa = XCBuildConfiguration;
			baseConfigurationReference = 4F671F28F8A304E80430BB26 /* Pods-Netwalk-iOS.debug.xcconfig */;
			buildSettings = {
				ASSETCATALOG_COMPILER_APPICON_NAME = AppIcon;
				ASSETCATALOG_COMPILER_GLOBAL_ACCENT_COLOR_NAME = AccentColor;
				CODE_SIGN_STYLE = Automatic;
				CURRENT_PROJECT_VERSION = 1;
				DEVELOPMENT_TEAM = 5DFZR8RCQR;
				GENERATE_INFOPLIST_FILE = YES;
				INFOPLIST_FILE = "Netwalk-iOS/Info.plist";
				INFOPLIST_KEY_UIApplicationSupportsIndirectInputEvents = YES;
				INFOPLIST_KEY_UILaunchStoryboardName = LaunchScreen;
				INFOPLIST_KEY_UIMainStoryboardFile = Main;
				INFOPLIST_KEY_UISupportedInterfaceOrientations_iPad = "UIInterfaceOrientationPortrait UIInterfaceOrientationPortraitUpsideDown UIInterfaceOrientationLandscapeLeft UIInterfaceOrientationLandscapeRight";
				INFOPLIST_KEY_UISupportedInterfaceOrientations_iPhone = "UIInterfaceOrientationPortrait UIInterfaceOrientationLandscapeLeft UIInterfaceOrientationLandscapeRight";
				LD_RUNPATH_SEARCH_PATHS = (
					"$(inherited)",
					"@executable_path/Frameworks",
				);
				MARKETING_VERSION = 1.0;
				PRODUCT_BUNDLE_IDENTIFIER = "com.challenge.solution.google.Netwalk-iOS";
				PRODUCT_NAME = "$(TARGET_NAME)";
				SWIFT_EMIT_LOC_STRINGS = YES;
				SWIFT_VERSION = 5.0;
				TARGETED_DEVICE_FAMILY = "1,2";
			};
			name = Debug;
		};
		576C0DF6298ACAB400485AD5 /* Release */ = {
			isa = XCBuildConfiguration;
			baseConfigurationReference = 277EA68E255120B0DBC71666 /* Pods-Netwalk-iOS.release.xcconfig */;
			buildSettings = {
				ASSETCATALOG_COMPILER_APPICON_NAME = AppIcon;
				ASSETCATALOG_COMPILER_GLOBAL_ACCENT_COLOR_NAME = AccentColor;
				CODE_SIGN_STYLE = Automatic;
				CURRENT_PROJECT_VERSION = 1;
				DEVELOPMENT_TEAM = 5DFZR8RCQR;
				GENERATE_INFOPLIST_FILE = YES;
				INFOPLIST_FILE = "Netwalk-iOS/Info.plist";
				INFOPLIST_KEY_UIApplicationSupportsIndirectInputEvents = YES;
				INFOPLIST_KEY_UILaunchStoryboardName = LaunchScreen;
				INFOPLIST_KEY_UIMainStoryboardFile = Main;
				INFOPLIST_KEY_UISupportedInterfaceOrientations_iPad = "UIInterfaceOrientationPortrait UIInterfaceOrientationPortraitUpsideDown UIInterfaceOrientationLandscapeLeft UIInterfaceOrientationLandscapeRight";
				INFOPLIST_KEY_UISupportedInterfaceOrientations_iPhone = "UIInterfaceOrientationPortrait UIInterfaceOrientationLandscapeLeft UIInterfaceOrientationLandscapeRight";
				LD_RUNPATH_SEARCH_PATHS = (
					"$(inherited)",
					"@executable_path/Frameworks",
				);
				MARKETING_VERSION = 1.0;
				PRODUCT_BUNDLE_IDENTIFIER = "com.challenge.solution.google.Netwalk-iOS";
				PRODUCT_NAME = "$(TARGET_NAME)";
				SWIFT_EMIT_LOC_STRINGS = YES;
				SWIFT_VERSION = 5.0;
				TARGETED_DEVICE_FAMILY = "1,2";
			};
			name = Release;
		};
/* End XCBuildConfiguration section */

/* Begin XCConfigurationList section */
		576C0DDB298ACAB300485AD5 /* Build configuration list for PBXProject "Netwalk-iOS" */ = {
			isa = XCConfigurationList;
			buildConfigurations = (
				576C0DF2298ACAB400485AD5 /* Debug */,
				576C0DF3298ACAB400485AD5 /* Release */,
			);
			defaultConfigurationIsVisible = 0;
			defaultConfigurationName = Release;
		};
		576C0DF4298ACAB400485AD5 /* Build configuration list for PBXNativeTarget "Netwalk-iOS" */ = {
			isa = XCConfigurationList;
			buildConfigurations = (
				576C0DF5298ACAB400485AD5 /* Debug */,
				576C0DF6298ACAB400485AD5 /* Release */,
			);
			defaultConfigurationIsVisible = 0;
			defaultConfigurationName = Release;
		};
/* End XCConfigurationList section */
	};
	rootObject = 576C0DD8298ACAB300485AD5 /* Project object */;
}
